PODS:
  - AFNetworking (2.2.1):
    - AFNetworking/NSURLConnection
    - AFNetworking/NSURLSession
    - AFNetworking/Reachability
    - AFNetworking/Security
    - AFNetworking/Serialization
    - AFNetworking/UIKit
  - AFNetworking/NSURLConnection (2.2.1):
    - AFNetworking/Reachability
    - AFNetworking/Security
    - AFNetworking/Serialization
  - AFNetworking/NSURLSession (2.2.1):
    - AFNetworking/NSURLConnection
  - AFNetworking/Reachability (2.2.1)
  - AFNetworking/Security (2.2.1)
  - AFNetworking/Serialization (2.2.1)
  - AFNetworking/UIKit (2.2.1):
    - AFNetworking/NSURLConnection
    - AFNetworking/NSURLSession
  - FMDB (2.1):
    - FMDB/standard
  - FMDB/common (2.1)
  - FMDB/standard (2.1):
    - FMDB/common
  - SSKeychain (1.2.1)

DEPENDENCIES:
  - AFNetworking (~> 2.0)
  - FMDB (= 2.1)
  - SSKeychain (= 1.2.1)

SPEC CHECKSUMS:
  AFNetworking: 8dde8c8a6597ad95dac332a593c27e541bc87371
  FMDB: 2a4025247d22fb28865db84c744706385f806d7d
  SSKeychain: 63182d96667ab9ccd72cb6f19ccb06faec605710

COCOAPODS: 0.34.2
