// !$*UTF8*$!
{
	archiveVersion = 1;
	classes = {
	};
	objectVersion = 46;
	objects = {

/* Begin PBXBuildFile section */
		5620AC061980DE6300A0B90E /* SYBWeiboViewController.m in Sources */ = {isa = PBXBuildFile; fileRef = 5620AC051980DE6300A0B90E /* SYBWeiboViewController.m */; };
		56722A8219FF961100EDE375 /* profile.png in Resources */ = {isa = PBXBuildFile; fileRef = 56722A8019FF961100EDE375 /* profile.png */; };
		56722A8319FF961100EDE375 /* sina-weibo.png in Resources */ = {isa = PBXBuildFile; fileRef = 56722A8119FF961100EDE375 /* sina-weibo.png */; };
		5679DC8719EFB21F004221C9 /* SYBActionTransition.m in Sources */ = {isa = PBXBuildFile; fileRef = 5679DC8619EFB21F004221C9 /* SYBActionTransition.m */; };
		56B1830F198F50830062F4CA /* InfoPlist.strings in Resources */ = {isa = PBXBuildFile; fileRef = 56B1830B198F50830062F4CA /* InfoPlist.strings */; };
		56B18310198F50830062F4CA /* MainStoryboard.storyboard in Resources */ = {isa = PBXBuildFile; fileRef = 56B1830D198F50830062F4CA /* MainStoryboard.storyboard */; };
		56B18317198F558F0062F4CA /* like.png in Resources */ = {isa = PBXBuildFile; fileRef = 56B18311198F558F0062F4CA /* like.png */; };
		56B18318198F558F0062F4CA /* forward.png in Resources */ = {isa = PBXBuildFile; fileRef = 56B18312198F558F0062F4CA /* forward.png */; };
		56B18319198F558F0062F4CA /* bubble.png in Resources */ = {isa = PBXBuildFile; fileRef = 56B18313198F558F0062F4CA /* bubble.png */; };
		56B1831A198F558F0062F4CA /* bubble@2x.png in Resources */ = {isa = PBXBuildFile; fileRef = 56B18314198F558F0062F4CA /* bubble@2x.png */; };
		56B1831B198F558F0062F4CA /* forward@2x.png in Resources */ = {isa = PBXBuildFile; fileRef = 56B18315198F558F0062F4CA /* forward@2x.png */; };
		56B1831C198F558F0062F4CA /* like@2x.png in Resources */ = {isa = PBXBuildFile; fileRef = 56B18316198F558F0062F4CA /* like@2x.png */; };
		56B1831F198F6A4C0062F4CA /* SYBWeiboActionViewController.m in Sources */ = {isa = PBXBuildFile; fileRef = 56B1831E198F6A4C0062F4CA /* SYBWeiboActionViewController.m */; };
		56B183B219920A9E0062F4CA /* SYBWeiboRetweet.m in Sources */ = {isa = PBXBuildFile; fileRef = 56B183B119920A9E0062F4CA /* SYBWeiboRetweet.m */; };
		56B183B5199228190062F4CA /* SYBWeiboAttitude.m in Sources */ = {isa = PBXBuildFile; fileRef = 56B183B4199228190062F4CA /* SYBWeiboAttitude.m */; };
		56D940471DAF7C160052CC60 /* SYBAccount.swift in Sources */ = {isa = PBXBuildFile; fileRef = 56D940461DAF7C150052CC60 /* SYBAccount.swift */; };
		56D940B31DAFCCDD0052CC60 /* NSString+Extension.swift in Sources */ = {isa = PBXBuildFile; fileRef = 56D940B21DAFCCDD0052CC60 /* NSString+Extension.swift */; };
		56D940B51DAFCF8F0052CC60 /* UIColor+Extension.swift in Sources */ = {isa = PBXBuildFile; fileRef = 56D940B41DAFCF8F0052CC60 /* UIColor+Extension.swift */; };
		56EF4919199C891A00B1A569 /* SYBCommentViewController.m in Sources */ = {isa = PBXBuildFile; fileRef = 56EF4918199C891A00B1A569 /* SYBCommentViewController.m */; };
		56EF491D199C9E0200B1A569 /* SYBCommentTransition.m in Sources */ = {isa = PBXBuildFile; fileRef = 56EF491C199C9E0200B1A569 /* SYBCommentTransition.m */; };
		56EF4921199CD08000B1A569 /* SYBPopoverSegue.m in Sources */ = {isa = PBXBuildFile; fileRef = 56EF4920199CD08000B1A569 /* SYBPopoverSegue.m */; };
		56FC709D1DAE582100DC1934 /* libWeiboSDK.a in Frameworks */ = {isa = PBXBuildFile; fileRef = 56FC70901DAE582100DC1934 /* libWeiboSDK.a */; };
		56FC709E1DAE582100DC1934 /* WeiboSDK.bundle in Resources */ = {isa = PBXBuildFile; fileRef = 56FC709A1DAE582100DC1934 /* WeiboSDK.bundle */; };
		56FC70A11DAE5AF000DC1934 /* ImageIO.framework in Frameworks */ = {isa = PBXBuildFile; fileRef = 56FC70A01DAE5AF000DC1934 /* ImageIO.framework */; };
		56FC70A31DAE5B0D00DC1934 /* CoreTelephony.framework in Frameworks */ = {isa = PBXBuildFile; fileRef = 56FC70A21DAE5B0D00DC1934 /* CoreTelephony.framework */; };
		56FC70A51DAE5B1B00DC1934 /* CoreText.framework in Frameworks */ = {isa = PBXBuildFile; fileRef = 56FC70A41DAE5B1B00DC1934 /* CoreText.framework */; };
		56FC70A71DAE5B2D00DC1934 /* libz.tbd in Frameworks */ = {isa = PBXBuildFile; fileRef = 56FC70A61DAE5B2D00DC1934 /* libz.tbd */; };
		56FC70AB1DAE5B4200DC1934 /* libsqlite3.tbd in Frameworks */ = {isa = PBXBuildFile; fileRef = 56FC70AA1DAE5B4200DC1934 /* libsqlite3.tbd */; };
		56FC70AF1DAE5CC700DC1934 /* SYBRouter.swift in Sources */ = {isa = PBXBuildFile; fileRef = 56FC70AE1DAE5CC700DC1934 /* SYBRouter.swift */; };
		56FC70B11DAE5E7100DC1934 /* SYBWeiboLoginViewController.swift in Sources */ = {isa = PBXBuildFile; fileRef = 56FC70B01DAE5E7100DC1934 /* SYBWeiboLoginViewController.swift */; };
		CF06B2931823E9F100D23AEA /* SYBWeiboViewCell.m in Sources */ = {isa = PBXBuildFile; fileRef = CF06B2921823E9F100D23AEA /* SYBWeiboViewCell.m */; };
		CF1E00E117C7B7AA00E3FF7F /* UIKit.framework in Frameworks */ = {isa = PBXBuildFile; fileRef = CF1E00E017C7B7AA00E3FF7F /* UIKit.framework */; };
		CF1E00E317C7B7AA00E3FF7F /* Foundation.framework in Frameworks */ = {isa = PBXBuildFile; fileRef = CF1E00E217C7B7AA00E3FF7F /* Foundation.framework */; };
		CF1E00E517C7B7AA00E3FF7F /* CoreGraphics.framework in Frameworks */ = {isa = PBXBuildFile; fileRef = CF1E00E417C7B7AA00E3FF7F /* CoreGraphics.framework */; };
		CF1E00EB17C7B7AA00E3FF7F /* InfoPlist.strings in Resources */ = {isa = PBXBuildFile; fileRef = CF1E00E917C7B7AA00E3FF7F /* InfoPlist.strings */; };
		CF1E00ED17C7B7AA00E3FF7F /* main.m in Sources */ = {isa = PBXBuildFile; fileRef = CF1E00EC17C7B7AA00E3FF7F /* main.m */; };
		CF1E00F117C7B7AA00E3FF7F /* SYBAppDelegate.m in Sources */ = {isa = PBXBuildFile; fileRef = CF1E00F017C7B7AA00E3FF7F /* SYBAppDelegate.m */; };
		CF1E00F317C7B7AA00E3FF7F /* Default.png in Resources */ = {isa = PBXBuildFile; fileRef = CF1E00F217C7B7AA00E3FF7F /* Default.png */; };
		CF1E00F517C7B7AA00E3FF7F /* Default@2x.png in Resources */ = {isa = PBXBuildFile; fileRef = CF1E00F417C7B7AA00E3FF7F /* Default@2x.png */; };
		CF1E00F717C7B7AA00E3FF7F /* Default-568h@2x.png in Resources */ = {isa = PBXBuildFile; fileRef = CF1E00F617C7B7AA00E3FF7F /* Default-568h@2x.png */; };
		CF1E010417C7C05300E3FF7F /* Security.framework in Frameworks */ = {isa = PBXBuildFile; fileRef = CF1E010317C7C05300E3FF7F /* Security.framework */; };
		CF2DE5221849E62300FC3403 /* UIColor+hex.m in Sources */ = {isa = PBXBuildFile; fileRef = CF2DE5211849E62300FC3403 /* UIColor+hex.m */; };
		CF2DE52A184A61DB00FC3403 /* SYBCellRetweetView.m in Sources */ = {isa = PBXBuildFile; fileRef = CF2DE529184A61DB00FC3403 /* SYBCellRetweetView.m */; };
		CF3F7961182926D3008166B0 /* SYBWeiboPrivacy.m in Sources */ = {isa = PBXBuildFile; fileRef = CF3F7960182926D3008166B0 /* SYBWeiboPrivacy.m */; };
		CF3F796718292AFF008166B0 /* SYBWeiBoComment.m in Sources */ = {isa = PBXBuildFile; fileRef = CF3F796618292AFF008166B0 /* SYBWeiBoComment.m */; };
		CF3F796A1829343A008166B0 /* SYBWeiBoRemind.m in Sources */ = {isa = PBXBuildFile; fileRef = CF3F79691829343A008166B0 /* SYBWeiBoRemind.m */; };
		CF3F796D18293545008166B0 /* SYBWeiBoURLShort.m in Sources */ = {isa = PBXBuildFile; fileRef = CF3F796C18293545008166B0 /* SYBWeiBoURLShort.m */; };
		CF44FA7519913DBB00BB4FF1 /* SYBAttibutedViewCell.m in Sources */ = {isa = PBXBuildFile; fileRef = CF44FA7419913DBB00BB4FF1 /* SYBAttibutedViewCell.m */; };
		CF46E9BA18C44F3C00507208 /* EGORefreshTableHeaderView.m in Sources */ = {isa = PBXBuildFile; fileRef = CF46E9B918C44F3C00507208 /* EGORefreshTableHeaderView.m */; settings = {COMPILER_FLAGS = "-fno-objc-arc"; }; };
		CF46E9BD18C4538E00507208 /* QuartzCore.framework in Frameworks */ = {isa = PBXBuildFile; fileRef = CF46E9BC18C4538E00507208 /* QuartzCore.framework */; };
		CF58BB18185A131C00CE3136 /* UserIcon.png in Resources */ = {isa = PBXBuildFile; fileRef = CF58BB17185A131C00CE3136 /* UserIcon.png */; };
		CF58BB72185F3CBF00CE3136 /* RegexKitLite.m in Sources */ = {isa = PBXBuildFile; fileRef = CF58BB71185F3CBF00CE3136 /* RegexKitLite.m */; settings = {COMPILER_FLAGS = "-fno-objc-arc"; }; };
		CF58BB74185F3D9100CE3136 /* libicucore.dylib in Frameworks */ = {isa = PBXBuildFile; fileRef = CF58BB73185F3D9100CE3136 /* libicucore.dylib */; };
		CF6048F31AD990E5008E6286 /* UIImage+image.m in Sources */ = {isa = PBXBuildFile; fileRef = CF6048F21AD990E5008E6286 /* UIImage+image.m */; };
		CF6FBD911837DBC9001A35EF /* SYBMenuViewController.m in Sources */ = {isa = PBXBuildFile; fileRef = CF6FBD901837DBC9001A35EF /* SYBMenuViewController.m */; };
		CF7CA5431AB9D2C200E76086 /* SYBPlistManagment.m in Sources */ = {isa = PBXBuildFile; fileRef = CF7CA5421AB9D2C200E76086 /* SYBPlistManagment.m */; };
		CF7CA5471ABB2D0600E76086 /* SYBWeiBo+tableViewCell.m in Sources */ = {isa = PBXBuildFile; fileRef = CF7CA5461ABB2D0600E76086 /* SYBWeiBo+tableViewCell.m */; };
		CF7CA5491ABB337A00E76086 /* Launch Screen.xib in Resources */ = {isa = PBXBuildFile; fileRef = CF7CA5481ABB337A00E76086 /* Launch Screen.xib */; };
		CFB0864517E73E16003F5F03 /* SYBWeiBo.m in Sources */ = {isa = PBXBuildFile; fileRef = CFB0864417E73E16003F5F03 /* SYBWeiBo.m */; };
		CFB18B8C18E6D69000FB03E2 /* SYBWeiboImageView.m in Sources */ = {isa = PBXBuildFile; fileRef = CFB18B8B18E6D69000FB03E2 /* SYBWeiboImageView.m */; };
		CFB18B8F18E7E41700FB03E2 /* SYBUserInfoView.m in Sources */ = {isa = PBXBuildFile; fileRef = CFB18B8E18E7E41700FB03E2 /* SYBUserInfoView.m */; };
		CFB18B9118E7E44000FB03E2 /* SYBUserInfoView.xib in Resources */ = {isa = PBXBuildFile; fileRef = CFB18B9018E7E44000FB03E2 /* SYBUserInfoView.xib */; };
		CFB4ED2D1819261F004E5846 /* SYBWeiboAPIClient.m in Sources */ = {isa = PBXBuildFile; fileRef = CFB4ED2C1819261F004E5846 /* SYBWeiboAPIClient.m */; };
		CFB4ED3218193180004E5846 /* SYBWeiboUser.m in Sources */ = {isa = PBXBuildFile; fileRef = CFB4ED3118193180004E5846 /* SYBWeiboUser.m */; };
		CFB4ED3B181AF183004E5846 /* SYBLoginViewController.m in Sources */ = {isa = PBXBuildFile; fileRef = CFB4ED3A181AF183004E5846 /* SYBLoginViewController.m */; };
		CFB4ED3E181D4CC4004E5846 /* SYBListViewController.m in Sources */ = {isa = PBXBuildFile; fileRef = CFB4ED3D181D4CC4004E5846 /* SYBListViewController.m */; };
		CFB4ED45181EBEF3004E5846 /* MobileCoreServices.framework in Frameworks */ = {isa = PBXBuildFile; fileRef = CFB4ED44181EBEF3004E5846 /* MobileCoreServices.framework */; };
		CFB4ED47181EBF20004E5846 /* SystemConfiguration.framework in Frameworks */ = {isa = PBXBuildFile; fileRef = CFB4ED46181EBF20004E5846 /* SystemConfiguration.framework */; };
		CFC7163B1854954C0057EEE4 /* Images.xcassets in Resources */ = {isa = PBXBuildFile; fileRef = CFC7163A1854954C0057EEE4 /* Images.xcassets */; };
		CFC7164B1858AFBE0057EEE4 /* table_header_bg.png in Resources */ = {isa = PBXBuildFile; fileRef = CFC716401858AFBE0057EEE4 /* table_header_bg.png */; };
		CFC7164C1858AFBE0057EEE4 /* table_header_bg@2x.png in Resources */ = {isa = PBXBuildFile; fileRef = CFC716411858AFBE0057EEE4 /* table_header_bg@2x.png */; };
		CFC7164D1858AFBE0057EEE4 /* timeline_rt_border_t.png in Resources */ = {isa = PBXBuildFile; fileRef = CFC716421858AFBE0057EEE4 /* timeline_rt_border_t.png */; };
		CFC7164E1858AFBE0057EEE4 /* timeline_rt_border_t@2x.png in Resources */ = {isa = PBXBuildFile; fileRef = CFC716431858AFBE0057EEE4 /* timeline_rt_border_t@2x.png */; };
		CFC716511858AFBE0057EEE4 /* U74P176T72D61F1409DT20121211115111.jpg in Resources */ = {isa = PBXBuildFile; fileRef = CFC716461858AFBE0057EEE4 /* U74P176T72D61F1409DT20121211115111.jpg */; };
		CFC716531858B93E0057EEE4 /* SYBWeiBoGEO.m in Sources */ = {isa = PBXBuildFile; fileRef = CFC716521858B93E0057EEE4 /* SYBWeiBoGEO.m */; };
		CFC716571859FF2C0057EEE4 /* NoImage.png in Resources */ = {isa = PBXBuildFile; fileRef = CFC716561859FF2C0057EEE4 /* NoImage.png */; };
		CFCAA3801A970AA200136635 /* NSDate+date.m in Sources */ = {isa = PBXBuildFile; fileRef = CFCAA37F1A970AA200136635 /* NSDate+date.m */; };
		CFCAA3C31A97173600136635 /* WClientTests.m in Sources */ = {isa = PBXBuildFile; fileRef = CFCAA3C21A97173600136635 /* WClientTests.m */; };
		CFCAA3D91A98D3B700136635 /* NSDateDateTests.m in Sources */ = {isa = PBXBuildFile; fileRef = CFCAA3D81A98D3B700136635 /* NSDateDateTests.m */; };
		E68FF9F458CD402F8EDAE58C /* libPods.a in Frameworks */ = {isa = PBXBuildFile; fileRef = 5433629D8FC348C69BD82076 /* libPods.a */; };
/* End PBXBuildFile section */

/* Begin PBXContainerItemProxy section */
		CFCAA3C41A97173600136635 /* PBXContainerItemProxy */ = {
			isa = PBXContainerItemProxy;
			containerPortal = CF1E00D517C7B7AA00E3FF7F /* Project object */;
			proxyType = 1;
			remoteGlobalIDString = CF1E00DC17C7B7AA00E3FF7F;
			remoteInfo = WClient;
		};
/* End PBXContainerItemProxy section */

/* Begin PBXFileReference section */
		21AEE441C449EBAA39502A62 /* Pods.release.xcconfig */ = {isa = PBXFileReference; includeInIndex = 1; lastKnownFileType = text.xcconfig; name = Pods.release.xcconfig; path = "Pods/Target Support Files/Pods/Pods.release.xcconfig"; sourceTree = "<group>"; };
		5433629D8FC348C69BD82076 /* libPods.a */ = {isa = PBXFileReference; explicitFileType = archive.ar; includeInIndex = 0; path = libPods.a; sourceTree = BUILT_PRODUCTS_DIR; };
		5620AC041980DE6300A0B90E /* SYBWeiboViewController.h */ = {isa = PBXFileReference; fileEncoding = 4; lastKnownFileType = sourcecode.c.h; path = SYBWeiboViewController.h; sourceTree = "<group>"; };
		5620AC051980DE6300A0B90E /* SYBWeiboViewController.m */ = {isa = PBXFileReference; fileEncoding = 4; lastKnownFileType = sourcecode.c.objc; path = SYBWeiboViewController.m; sourceTree = "<group>"; };
		56722A8019FF961100EDE375 /* profile.png */ = {isa = PBXFileReference; lastKnownFileType = image.png; path = profile.png; sourceTree = "<group>"; };
		56722A8119FF961100EDE375 /* sina-weibo.png */ = {isa = PBXFileReference; lastKnownFileType = image.png; path = "sina-weibo.png"; sourceTree = "<group>"; };
		5679DC8519EFB21F004221C9 /* SYBActionTransition.h */ = {isa = PBXFileReference; fileEncoding = 4; lastKnownFileType = sourcecode.c.h; path = SYBActionTransition.h; sourceTree = "<group>"; };
		5679DC8619EFB21F004221C9 /* SYBActionTransition.m */ = {isa = PBXFileReference; fileEncoding = 4; lastKnownFileType = sourcecode.c.objc; path = SYBActionTransition.m; sourceTree = "<group>"; };
		56B1830A198F4D680062F4CA /* zh-Hans */ = {isa = PBXFileReference; lastKnownFileType = text.plist.strings; name = "zh-Hans"; path = "zh-Hans.lproj/InfoPlist.strings"; sourceTree = "<group>"; };
		56B1830C198F50830062F4CA /* en */ = {isa = PBXFileReference; lastKnownFileType = text.plist.strings; name = en; path = en.lproj/InfoPlist.strings; sourceTree = "<group>"; };
		56B1830E198F50830062F4CA /* en */ = {isa = PBXFileReference; lastKnownFileType = file.storyboard; name = en; path = en.lproj/MainStoryboard.storyboard; sourceTree = "<group>"; };
		56B18311198F558F0062F4CA /* like.png */ = {isa = PBXFileReference; lastKnownFileType = image.png; path = like.png; sourceTree = "<group>"; };
		56B18312198F558F0062F4CA /* forward.png */ = {isa = PBXFileReference; lastKnownFileType = image.png; path = forward.png; sourceTree = "<group>"; };
		56B18313198F558F0062F4CA /* bubble.png */ = {isa = PBXFileReference; lastKnownFileType = image.png; path = bubble.png; sourceTree = "<group>"; };
		56B18314198F558F0062F4CA /* bubble@2x.png */ = {isa = PBXFileReference; lastKnownFileType = image.png; path = "bubble@2x.png"; sourceTree = "<group>"; };
		56B18315198F558F0062F4CA /* forward@2x.png */ = {isa = PBXFileReference; lastKnownFileType = image.png; path = "forward@2x.png"; sourceTree = "<group>"; };
		56B18316198F558F0062F4CA /* like@2x.png */ = {isa = PBXFileReference; lastKnownFileType = image.png; path = "like@2x.png"; sourceTree = "<group>"; };
		56B1831D198F6A4C0062F4CA /* SYBWeiboActionViewController.h */ = {isa = PBXFileReference; fileEncoding = 4; lastKnownFileType = sourcecode.c.h; path = SYBWeiboActionViewController.h; sourceTree = "<group>"; };
		56B1831E198F6A4C0062F4CA /* SYBWeiboActionViewController.m */ = {isa = PBXFileReference; fileEncoding = 4; lastKnownFileType = sourcecode.c.objc; path = SYBWeiboActionViewController.m; sourceTree = "<group>"; };
		56B183B019920A9E0062F4CA /* SYBWeiboRetweet.h */ = {isa = PBXFileReference; fileEncoding = 4; lastKnownFileType = sourcecode.c.h; path = SYBWeiboRetweet.h; sourceTree = "<group>"; };
		56B183B119920A9E0062F4CA /* SYBWeiboRetweet.m */ = {isa = PBXFileReference; fileEncoding = 4; lastKnownFileType = sourcecode.c.objc; path = SYBWeiboRetweet.m; sourceTree = "<group>"; };
		56B183B3199228190062F4CA /* SYBWeiboAttitude.h */ = {isa = PBXFileReference; fileEncoding = 4; lastKnownFileType = sourcecode.c.h; path = SYBWeiboAttitude.h; sourceTree = "<group>"; };
		56B183B4199228190062F4CA /* SYBWeiboAttitude.m */ = {isa = PBXFileReference; fileEncoding = 4; lastKnownFileType = sourcecode.c.objc; path = SYBWeiboAttitude.m; sourceTree = "<group>"; };
		56D940461DAF7C150052CC60 /* SYBAccount.swift */ = {isa = PBXFileReference; fileEncoding = 4; lastKnownFileType = sourcecode.swift; path = SYBAccount.swift; sourceTree = "<group>"; };
		56D940B21DAFCCDD0052CC60 /* NSString+Extension.swift */ = {isa = PBXFileReference; fileEncoding = 4; lastKnownFileType = sourcecode.swift; path = "NSString+Extension.swift"; sourceTree = "<group>"; };
		56D940B41DAFCF8F0052CC60 /* UIColor+Extension.swift */ = {isa = PBXFileReference; fileEncoding = 4; lastKnownFileType = sourcecode.swift; path = "UIColor+Extension.swift"; sourceTree = "<group>"; };
		56EF4917199C891A00B1A569 /* SYBCommentViewController.h */ = {isa = PBXFileReference; fileEncoding = 4; lastKnownFileType = sourcecode.c.h; path = SYBCommentViewController.h; sourceTree = "<group>"; };
		56EF4918199C891A00B1A569 /* SYBCommentViewController.m */ = {isa = PBXFileReference; fileEncoding = 4; lastKnownFileType = sourcecode.c.objc; path = SYBCommentViewController.m; sourceTree = "<group>"; };
		56EF491B199C9E0200B1A569 /* SYBCommentTransition.h */ = {isa = PBXFileReference; fileEncoding = 4; lastKnownFileType = sourcecode.c.h; path = SYBCommentTransition.h; sourceTree = "<group>"; };
		56EF491C199C9E0200B1A569 /* SYBCommentTransition.m */ = {isa = PBXFileReference; fileEncoding = 4; lastKnownFileType = sourcecode.c.objc; path = SYBCommentTransition.m; sourceTree = "<group>"; };
		56EF491F199CD08000B1A569 /* SYBPopoverSegue.h */ = {isa = PBXFileReference; fileEncoding = 4; lastKnownFileType = sourcecode.c.h; path = SYBPopoverSegue.h; sourceTree = "<group>"; };
		56EF4920199CD08000B1A569 /* SYBPopoverSegue.m */ = {isa = PBXFileReference; fileEncoding = 4; lastKnownFileType = sourcecode.c.objc; path = SYBPopoverSegue.m; sourceTree = "<group>"; };
		56FC70901DAE582100DC1934 /* libWeiboSDK.a */ = {isa = PBXFileReference; lastKnownFileType = archive.ar; path = libWeiboSDK.a; sourceTree = "<group>"; };
		56FC70911DAE582100DC1934 /* WBHttpRequest+WeiboGame.h */ = {isa = PBXFileReference; fileEncoding = 4; lastKnownFileType = sourcecode.c.h; path = "WBHttpRequest+WeiboGame.h"; sourceTree = "<group>"; };
		56FC70921DAE582100DC1934 /* WBHttpRequest+WeiboShare.h */ = {isa = PBXFileReference; fileEncoding = 4; lastKnownFileType = sourcecode.c.h; path = "WBHttpRequest+WeiboShare.h"; sourceTree = "<group>"; };
		56FC70931DAE582100DC1934 /* WBHttpRequest+WeiboToken.h */ = {isa = PBXFileReference; fileEncoding = 4; lastKnownFileType = sourcecode.c.h; path = "WBHttpRequest+WeiboToken.h"; sourceTree = "<group>"; };
		56FC70941DAE582100DC1934 /* WBHttpRequest+WeiboUser.h */ = {isa = PBXFileReference; fileEncoding = 4; lastKnownFileType = sourcecode.c.h; path = "WBHttpRequest+WeiboUser.h"; sourceTree = "<group>"; };
		56FC70951DAE582100DC1934 /* WBHttpRequest.h */ = {isa = PBXFileReference; fileEncoding = 4; lastKnownFileType = sourcecode.c.h; path = WBHttpRequest.h; sourceTree = "<group>"; };
		56FC70961DAE582100DC1934 /* WBSDKBasicButton.h */ = {isa = PBXFileReference; fileEncoding = 4; lastKnownFileType = sourcecode.c.h; path = WBSDKBasicButton.h; sourceTree = "<group>"; };
		56FC70971DAE582100DC1934 /* WBSDKCommentButton.h */ = {isa = PBXFileReference; fileEncoding = 4; lastKnownFileType = sourcecode.c.h; path = WBSDKCommentButton.h; sourceTree = "<group>"; };
		56FC70981DAE582100DC1934 /* WBSDKRelationshipButton.h */ = {isa = PBXFileReference; fileEncoding = 4; lastKnownFileType = sourcecode.c.h; path = WBSDKRelationshipButton.h; sourceTree = "<group>"; };
		56FC70991DAE582100DC1934 /* WeiboSDK+Statistics.h */ = {isa = PBXFileReference; fileEncoding = 4; lastKnownFileType = sourcecode.c.h; path = "WeiboSDK+Statistics.h"; sourceTree = "<group>"; };
		56FC709A1DAE582100DC1934 /* WeiboSDK.bundle */ = {isa = PBXFileReference; lastKnownFileType = "wrapper.plug-in"; path = WeiboSDK.bundle; sourceTree = "<group>"; };
		56FC709B1DAE582100DC1934 /* WeiboSDK.h */ = {isa = PBXFileReference; fileEncoding = 4; lastKnownFileType = sourcecode.c.h; path = WeiboSDK.h; sourceTree = "<group>"; };
		56FC709C1DAE582100DC1934 /* WeiboUser.h */ = {isa = PBXFileReference; fileEncoding = 4; lastKnownFileType = sourcecode.c.h; path = WeiboUser.h; sourceTree = "<group>"; };
		56FC70A01DAE5AF000DC1934 /* ImageIO.framework */ = {isa = PBXFileReference; lastKnownFileType = wrapper.framework; name = ImageIO.framework; path = System/Library/Frameworks/ImageIO.framework; sourceTree = SDKROOT; };
		56FC70A21DAE5B0D00DC1934 /* CoreTelephony.framework */ = {isa = PBXFileReference; lastKnownFileType = wrapper.framework; name = CoreTelephony.framework; path = System/Library/Frameworks/CoreTelephony.framework; sourceTree = SDKROOT; };
		56FC70A41DAE5B1B00DC1934 /* CoreText.framework */ = {isa = PBXFileReference; lastKnownFileType = wrapper.framework; name = CoreText.framework; path = System/Library/Frameworks/CoreText.framework; sourceTree = SDKROOT; };
		56FC70A61DAE5B2D00DC1934 /* libz.tbd */ = {isa = PBXFileReference; lastKnownFileType = "sourcecode.text-based-dylib-definition"; name = libz.tbd; path = usr/lib/libz.tbd; sourceTree = SDKROOT; };
		56FC70A81DAE5B3800DC1934 /* libsqlite3.0.tbd */ = {isa = PBXFileReference; lastKnownFileType = "sourcecode.text-based-dylib-definition"; name = libsqlite3.0.tbd; path = usr/lib/libsqlite3.0.tbd; sourceTree = SDKROOT; };
		56FC70AA1DAE5B4200DC1934 /* libsqlite3.tbd */ = {isa = PBXFileReference; lastKnownFileType = "sourcecode.text-based-dylib-definition"; name = libsqlite3.tbd; path = usr/lib/libsqlite3.tbd; sourceTree = SDKROOT; };
		56FC70AD1DAE5CC600DC1934 /* WClient-Bridging-Header.h */ = {isa = PBXFileReference; lastKnownFileType = sourcecode.c.h; path = "WClient-Bridging-Header.h"; sourceTree = "<group>"; };
		56FC70AE1DAE5CC700DC1934 /* SYBRouter.swift */ = {isa = PBXFileReference; fileEncoding = 4; lastKnownFileType = sourcecode.swift; path = SYBRouter.swift; sourceTree = "<group>"; };
		56FC70B01DAE5E7100DC1934 /* SYBWeiboLoginViewController.swift */ = {isa = PBXFileReference; fileEncoding = 4; lastKnownFileType = sourcecode.swift; path = SYBWeiboLoginViewController.swift; sourceTree = "<group>"; };
		94F8244C5FDF7138C7443539 /* Pods.debug.xcconfig */ = {isa = PBXFileReference; includeInIndex = 1; lastKnownFileType = text.xcconfig; name = Pods.debug.xcconfig; path = "Pods/Target Support Files/Pods/Pods.debug.xcconfig"; sourceTree = "<group>"; };
		CF06B2911823E9F100D23AEA /* SYBWeiboViewCell.h */ = {isa = PBXFileReference; fileEncoding = 4; lastKnownFileType = sourcecode.c.h; path = SYBWeiboViewCell.h; sourceTree = "<group>"; };
		CF06B2921823E9F100D23AEA /* SYBWeiboViewCell.m */ = {isa = PBXFileReference; fileEncoding = 4; lastKnownFileType = sourcecode.c.objc; path = SYBWeiboViewCell.m; sourceTree = "<group>"; };
		CF1E00DD17C7B7AA00E3FF7F /* WClient.app */ = {isa = PBXFileReference; explicitFileType = wrapper.application; includeInIndex = 0; path = WClient.app; sourceTree = BUILT_PRODUCTS_DIR; };
		CF1E00E017C7B7AA00E3FF7F /* UIKit.framework */ = {isa = PBXFileReference; lastKnownFileType = wrapper.framework; name = UIKit.framework; path = System/Library/Frameworks/UIKit.framework; sourceTree = SDKROOT; };
		CF1E00E217C7B7AA00E3FF7F /* Foundation.framework */ = {isa = PBXFileReference; lastKnownFileType = wrapper.framework; name = Foundation.framework; path = System/Library/Frameworks/Foundation.framework; sourceTree = SDKROOT; };
		CF1E00E417C7B7AA00E3FF7F /* CoreGraphics.framework */ = {isa = PBXFileReference; lastKnownFileType = wrapper.framework; name = CoreGraphics.framework; path = System/Library/Frameworks/CoreGraphics.framework; sourceTree = SDKROOT; };
		CF1E00E817C7B7AA00E3FF7F /* WClient-Info.plist */ = {isa = PBXFileReference; lastKnownFileType = text.plist.xml; path = "WClient-Info.plist"; sourceTree = "<group>"; };
		CF1E00EC17C7B7AA00E3FF7F /* main.m */ = {isa = PBXFileReference; lastKnownFileType = sourcecode.c.objc; path = main.m; sourceTree = "<group>"; };
		CF1E00EE17C7B7AA00E3FF7F /* WClient-Prefix.pch */ = {isa = PBXFileReference; lastKnownFileType = sourcecode.c.h; path = "WClient-Prefix.pch"; sourceTree = "<group>"; };
		CF1E00EF17C7B7AA00E3FF7F /* SYBAppDelegate.h */ = {isa = PBXFileReference; lastKnownFileType = sourcecode.c.h; path = SYBAppDelegate.h; sourceTree = "<group>"; };
		CF1E00F017C7B7AA00E3FF7F /* SYBAppDelegate.m */ = {isa = PBXFileReference; lastKnownFileType = sourcecode.c.objc; path = SYBAppDelegate.m; sourceTree = "<group>"; };
		CF1E00F217C7B7AA00E3FF7F /* Default.png */ = {isa = PBXFileReference; lastKnownFileType = image.png; path = Default.png; sourceTree = "<group>"; };
		CF1E00F417C7B7AA00E3FF7F /* Default@2x.png */ = {isa = PBXFileReference; lastKnownFileType = image.png; path = "Default@2x.png"; sourceTree = "<group>"; };
		CF1E00F617C7B7AA00E3FF7F /* Default-568h@2x.png */ = {isa = PBXFileReference; lastKnownFileType = image.png; path = "Default-568h@2x.png"; sourceTree = "<group>"; };
		CF1E010317C7C05300E3FF7F /* Security.framework */ = {isa = PBXFileReference; lastKnownFileType = wrapper.framework; name = Security.framework; path = System/Library/Frameworks/Security.framework; sourceTree = SDKROOT; };
		CF2DE5201849E62300FC3403 /* UIColor+hex.h */ = {isa = PBXFileReference; fileEncoding = 4; lastKnownFileType = sourcecode.c.h; path = "UIColor+hex.h"; sourceTree = "<group>"; };
		CF2DE5211849E62300FC3403 /* UIColor+hex.m */ = {isa = PBXFileReference; fileEncoding = 4; lastKnownFileType = sourcecode.c.objc; path = "UIColor+hex.m"; sourceTree = "<group>"; };
		CF2DE528184A61DB00FC3403 /* SYBCellRetweetView.h */ = {isa = PBXFileReference; fileEncoding = 4; lastKnownFileType = sourcecode.c.h; path = SYBCellRetweetView.h; sourceTree = "<group>"; };
		CF2DE529184A61DB00FC3403 /* SYBCellRetweetView.m */ = {isa = PBXFileReference; fileEncoding = 4; lastKnownFileType = sourcecode.c.objc; path = SYBCellRetweetView.m; sourceTree = "<group>"; };
		CF3F795F182926D3008166B0 /* SYBWeiboPrivacy.h */ = {isa = PBXFileReference; fileEncoding = 4; lastKnownFileType = sourcecode.c.h; path = SYBWeiboPrivacy.h; sourceTree = "<group>"; };
		CF3F7960182926D3008166B0 /* SYBWeiboPrivacy.m */ = {isa = PBXFileReference; fileEncoding = 4; lastKnownFileType = sourcecode.c.objc; path = SYBWeiboPrivacy.m; sourceTree = "<group>"; };
		CF3F796218292AC0008166B0 /* SYBWeiBoGEO.h */ = {isa = PBXFileReference; fileEncoding = 4; lastKnownFileType = sourcecode.c.h; path = SYBWeiBoGEO.h; sourceTree = "<group>"; };
		CF3F796518292AFF008166B0 /* SYBWeiBoComment.h */ = {isa = PBXFileReference; fileEncoding = 4; lastKnownFileType = sourcecode.c.h; path = SYBWeiBoComment.h; sourceTree = "<group>"; };
		CF3F796618292AFF008166B0 /* SYBWeiBoComment.m */ = {isa = PBXFileReference; fileEncoding = 4; lastKnownFileType = sourcecode.c.objc; path = SYBWeiBoComment.m; sourceTree = "<group>"; };
		CF3F79681829343A008166B0 /* SYBWeiBoRemind.h */ = {isa = PBXFileReference; fileEncoding = 4; lastKnownFileType = sourcecode.c.h; path = SYBWeiBoRemind.h; sourceTree = "<group>"; };
		CF3F79691829343A008166B0 /* SYBWeiBoRemind.m */ = {isa = PBXFileReference; fileEncoding = 4; lastKnownFileType = sourcecode.c.objc; path = SYBWeiBoRemind.m; sourceTree = "<group>"; };
		CF3F796B18293545008166B0 /* SYBWeiBoURLShort.h */ = {isa = PBXFileReference; fileEncoding = 4; lastKnownFileType = sourcecode.c.h; path = SYBWeiBoURLShort.h; sourceTree = "<group>"; };
		CF3F796C18293545008166B0 /* SYBWeiBoURLShort.m */ = {isa = PBXFileReference; fileEncoding = 4; lastKnownFileType = sourcecode.c.objc; path = SYBWeiBoURLShort.m; sourceTree = "<group>"; };
		CF44FA7319913DBB00BB4FF1 /* SYBAttibutedViewCell.h */ = {isa = PBXFileReference; fileEncoding = 4; lastKnownFileType = sourcecode.c.h; path = SYBAttibutedViewCell.h; sourceTree = "<group>"; };
		CF44FA7419913DBB00BB4FF1 /* SYBAttibutedViewCell.m */ = {isa = PBXFileReference; fileEncoding = 4; lastKnownFileType = sourcecode.c.objc; path = SYBAttibutedViewCell.m; sourceTree = "<group>"; };
		CF46E9B818C44F3C00507208 /* EGORefreshTableHeaderView.h */ = {isa = PBXFileReference; fileEncoding = 4; lastKnownFileType = sourcecode.c.h; path = EGORefreshTableHeaderView.h; sourceTree = "<group>"; };
		CF46E9B918C44F3C00507208 /* EGORefreshTableHeaderView.m */ = {isa = PBXFileReference; fileEncoding = 4; lastKnownFileType = sourcecode.c.objc; path = EGORefreshTableHeaderView.m; sourceTree = "<group>"; };
		CF46E9BC18C4538E00507208 /* QuartzCore.framework */ = {isa = PBXFileReference; lastKnownFileType = wrapper.framework; name = QuartzCore.framework; path = System/Library/Frameworks/QuartzCore.framework; sourceTree = SDKROOT; };
		CF46E9C118C4782900507208 /* APPMacro.h */ = {isa = PBXFileReference; fileEncoding = 4; lastKnownFileType = sourcecode.c.h; path = APPMacro.h; sourceTree = "<group>"; };
		CF58BB17185A131C00CE3136 /* UserIcon.png */ = {isa = PBXFileReference; lastKnownFileType = image.png; name = UserIcon.png; path = images/UserIcon.png; sourceTree = "<group>"; };
		CF58BB70185F3CBF00CE3136 /* RegexKitLite.h */ = {isa = PBXFileReference; fileEncoding = 4; lastKnownFileType = sourcecode.c.h; path = RegexKitLite.h; sourceTree = "<group>"; };
		CF58BB71185F3CBF00CE3136 /* RegexKitLite.m */ = {isa = PBXFileReference; fileEncoding = 4; lastKnownFileType = sourcecode.c.objc; path = RegexKitLite.m; sourceTree = "<group>"; };
		CF58BB73185F3D9100CE3136 /* libicucore.dylib */ = {isa = PBXFileReference; lastKnownFileType = "compiled.mach-o.dylib"; name = libicucore.dylib; path = usr/lib/libicucore.dylib; sourceTree = SDKROOT; };
		CF6048F11AD990E5008E6286 /* UIImage+image.h */ = {isa = PBXFileReference; fileEncoding = 4; lastKnownFileType = sourcecode.c.h; path = "UIImage+image.h"; sourceTree = "<group>"; };
		CF6048F21AD990E5008E6286 /* UIImage+image.m */ = {isa = PBXFileReference; fileEncoding = 4; lastKnownFileType = sourcecode.c.objc; path = "UIImage+image.m"; sourceTree = "<group>"; };
		CF6FBD8F1837DBC9001A35EF /* SYBMenuViewController.h */ = {isa = PBXFileReference; fileEncoding = 4; lastKnownFileType = sourcecode.c.h; path = SYBMenuViewController.h; sourceTree = "<group>"; };
		CF6FBD901837DBC9001A35EF /* SYBMenuViewController.m */ = {isa = PBXFileReference; fileEncoding = 4; lastKnownFileType = sourcecode.c.objc; path = SYBMenuViewController.m; sourceTree = "<group>"; };
		CF7CA5411AB9D2C200E76086 /* SYBPlistManagment.h */ = {isa = PBXFileReference; fileEncoding = 4; lastKnownFileType = sourcecode.c.h; path = SYBPlistManagment.h; sourceTree = "<group>"; };
		CF7CA5421AB9D2C200E76086 /* SYBPlistManagment.m */ = {isa = PBXFileReference; fileEncoding = 4; lastKnownFileType = sourcecode.c.objc; path = SYBPlistManagment.m; sourceTree = "<group>"; };
		CF7CA5451ABB2D0600E76086 /* SYBWeiBo+tableViewCell.h */ = {isa = PBXFileReference; fileEncoding = 4; lastKnownFileType = sourcecode.c.h; path = "SYBWeiBo+tableViewCell.h"; sourceTree = "<group>"; };
		CF7CA5461ABB2D0600E76086 /* SYBWeiBo+tableViewCell.m */ = {isa = PBXFileReference; fileEncoding = 4; lastKnownFileType = sourcecode.c.objc; path = "SYBWeiBo+tableViewCell.m"; sourceTree = "<group>"; };
		CF7CA5481ABB337A00E76086 /* Launch Screen.xib */ = {isa = PBXFileReference; fileEncoding = 4; lastKnownFileType = file.xib; path = "Launch Screen.xib"; sourceTree = "<group>"; };
		CFA000EE17DF7A8700D08CCA /* WeiboConstantDefine.h */ = {isa = PBXFileReference; lastKnownFileType = sourcecode.c.h; path = WeiboConstantDefine.h; sourceTree = "<group>"; };
		CFB0864317E73E16003F5F03 /* SYBWeiBo.h */ = {isa = PBXFileReference; fileEncoding = 4; lastKnownFileType = sourcecode.c.h; path = SYBWeiBo.h; sourceTree = "<group>"; };
		CFB0864417E73E16003F5F03 /* SYBWeiBo.m */ = {isa = PBXFileReference; fileEncoding = 4; lastKnownFileType = sourcecode.c.objc; path = SYBWeiBo.m; sourceTree = "<group>"; };
		CFB18B8A18E6D69000FB03E2 /* SYBWeiboImageView.h */ = {isa = PBXFileReference; fileEncoding = 4; lastKnownFileType = sourcecode.c.h; path = SYBWeiboImageView.h; sourceTree = "<group>"; };
		CFB18B8B18E6D69000FB03E2 /* SYBWeiboImageView.m */ = {isa = PBXFileReference; fileEncoding = 4; lastKnownFileType = sourcecode.c.objc; path = SYBWeiboImageView.m; sourceTree = "<group>"; };
		CFB18B8D18E7E41700FB03E2 /* SYBUserInfoView.h */ = {isa = PBXFileReference; fileEncoding = 4; lastKnownFileType = sourcecode.c.h; path = SYBUserInfoView.h; sourceTree = "<group>"; };
		CFB18B8E18E7E41700FB03E2 /* SYBUserInfoView.m */ = {isa = PBXFileReference; fileEncoding = 4; lastKnownFileType = sourcecode.c.objc; path = SYBUserInfoView.m; sourceTree = "<group>"; };
		CFB18B9018E7E44000FB03E2 /* SYBUserInfoView.xib */ = {isa = PBXFileReference; fileEncoding = 4; lastKnownFileType = file.xib; path = SYBUserInfoView.xib; sourceTree = "<group>"; };
		CFB4ED2B1819261F004E5846 /* SYBWeiboAPIClient.h */ = {isa = PBXFileReference; fileEncoding = 4; lastKnownFileType = sourcecode.c.h; path = SYBWeiboAPIClient.h; sourceTree = "<group>"; };
		CFB4ED2C1819261F004E5846 /* SYBWeiboAPIClient.m */ = {isa = PBXFileReference; fileEncoding = 4; lastKnownFileType = sourcecode.c.objc; path = SYBWeiboAPIClient.m; sourceTree = "<group>"; };
		CFB4ED3018193180004E5846 /* SYBWeiboUser.h */ = {isa = PBXFileReference; fileEncoding = 4; lastKnownFileType = sourcecode.c.h; path = SYBWeiboUser.h; sourceTree = "<group>"; };
		CFB4ED3118193180004E5846 /* SYBWeiboUser.m */ = {isa = PBXFileReference; fileEncoding = 4; lastKnownFileType = sourcecode.c.objc; path = SYBWeiboUser.m; sourceTree = "<group>"; };
		CFB4ED36181AAFA6004E5846 /* WClient.entitlements */ = {isa = PBXFileReference; lastKnownFileType = text.xml; path = WClient.entitlements; sourceTree = "<group>"; };
		CFB4ED39181AF183004E5846 /* SYBLoginViewController.h */ = {isa = PBXFileReference; fileEncoding = 4; lastKnownFileType = sourcecode.c.h; path = SYBLoginViewController.h; sourceTree = "<group>"; };
		CFB4ED3A181AF183004E5846 /* SYBLoginViewController.m */ = {isa = PBXFileReference; fileEncoding = 4; lastKnownFileType = sourcecode.c.objc; path = SYBLoginViewController.m; sourceTree = "<group>"; };
		CFB4ED3C181D4CC4004E5846 /* SYBListViewController.h */ = {isa = PBXFileReference; fileEncoding = 4; lastKnownFileType = sourcecode.c.h; path = SYBListViewController.h; sourceTree = "<group>"; };
		CFB4ED3D181D4CC4004E5846 /* SYBListViewController.m */ = {isa = PBXFileReference; fileEncoding = 4; lastKnownFileType = sourcecode.c.objc; path = SYBListViewController.m; sourceTree = "<group>"; };
		CFB4ED44181EBEF3004E5846 /* MobileCoreServices.framework */ = {isa = PBXFileReference; lastKnownFileType = wrapper.framework; name = MobileCoreServices.framework; path = System/Library/Frameworks/MobileCoreServices.framework; sourceTree = SDKROOT; };
		CFB4ED46181EBF20004E5846 /* SystemConfiguration.framework */ = {isa = PBXFileReference; lastKnownFileType = wrapper.framework; name = SystemConfiguration.framework; path = System/Library/Frameworks/SystemConfiguration.framework; sourceTree = SDKROOT; };
		CFC7163A1854954C0057EEE4 /* Images.xcassets */ = {isa = PBXFileReference; lastKnownFileType = folder.assetcatalog; path = Images.xcassets; sourceTree = "<group>"; };
		CFC716401858AFBE0057EEE4 /* table_header_bg.png */ = {isa = PBXFileReference; lastKnownFileType = image.png; name = table_header_bg.png; path = images/table_header_bg.png; sourceTree = "<group>"; };
		CFC716411858AFBE0057EEE4 /* table_header_bg@2x.png */ = {isa = PBXFileReference; lastKnownFileType = image.png; name = "table_header_bg@2x.png"; path = "images/table_header_bg@2x.png"; sourceTree = "<group>"; };
		CFC716421858AFBE0057EEE4 /* timeline_rt_border_t.png */ = {isa = PBXFileReference; lastKnownFileType = image.png; name = timeline_rt_border_t.png; path = images/timeline_rt_border_t.png; sourceTree = "<group>"; };
		CFC716431858AFBE0057EEE4 /* timeline_rt_border_t@2x.png */ = {isa = PBXFileReference; lastKnownFileType = image.png; name = "timeline_rt_border_t@2x.png"; path = "images/timeline_rt_border_t@2x.png"; sourceTree = "<group>"; };
		CFC716461858AFBE0057EEE4 /* U74P176T72D61F1409DT20121211115111.jpg */ = {isa = PBXFileReference; lastKnownFileType = image.jpeg; name = U74P176T72D61F1409DT20121211115111.jpg; path = images/U74P176T72D61F1409DT20121211115111.jpg; sourceTree = "<group>"; };
		CFC716521858B93E0057EEE4 /* SYBWeiBoGEO.m */ = {isa = PBXFileReference; fileEncoding = 4; lastKnownFileType = sourcecode.c.objc; path = SYBWeiBoGEO.m; sourceTree = "<group>"; };
		CFC716561859FF2C0057EEE4 /* NoImage.png */ = {isa = PBXFileReference; lastKnownFileType = image.png; path = NoImage.png; sourceTree = "<group>"; };
		CFCAA37E1A970AA200136635 /* NSDate+date.h */ = {isa = PBXFileReference; fileEncoding = 4; lastKnownFileType = sourcecode.c.h; path = "NSDate+date.h"; sourceTree = "<group>"; };
		CFCAA37F1A970AA200136635 /* NSDate+date.m */ = {isa = PBXFileReference; fileEncoding = 4; lastKnownFileType = sourcecode.c.objc; path = "NSDate+date.m"; sourceTree = "<group>"; };
		CFCAA3BE1A97173600136635 /* WClientTests.xctest */ = {isa = PBXFileReference; explicitFileType = wrapper.cfbundle; includeInIndex = 0; path = WClientTests.xctest; sourceTree = BUILT_PRODUCTS_DIR; };
		CFCAA3C11A97173600136635 /* Info.plist */ = {isa = PBXFileReference; lastKnownFileType = text.plist.xml; path = Info.plist; sourceTree = "<group>"; };
		CFCAA3C21A97173600136635 /* WClientTests.m */ = {isa = PBXFileReference; lastKnownFileType = sourcecode.c.objc; path = WClientTests.m; sourceTree = "<group>"; };
		CFCAA3D81A98D3B700136635 /* NSDateDateTests.m */ = {isa = PBXFileReference; fileEncoding = 4; lastKnownFileType = sourcecode.c.objc; path = NSDateDateTests.m; sourceTree = "<group>"; };
/* End PBXFileReference section */

/* Begin PBXFrameworksBuildPhase section */
		CF1E00DA17C7B7AA00E3FF7F /* Frameworks */ = {
			isa = PBXFrameworksBuildPhase;
			buildActionMask = 2147483647;
			files = (
				56FC70AB1DAE5B4200DC1934 /* libsqlite3.tbd in Frameworks */,
				56FC70A71DAE5B2D00DC1934 /* libz.tbd in Frameworks */,
				56FC70A51DAE5B1B00DC1934 /* CoreText.framework in Frameworks */,
				56FC70A31DAE5B0D00DC1934 /* CoreTelephony.framework in Frameworks */,
				CF1E010417C7C05300E3FF7F /* Security.framework in Frameworks */,
				56FC70A11DAE5AF000DC1934 /* ImageIO.framework in Frameworks */,
				CF46E9BD18C4538E00507208 /* QuartzCore.framework in Frameworks */,
				CF58BB74185F3D9100CE3136 /* libicucore.dylib in Frameworks */,
				CFB4ED47181EBF20004E5846 /* SystemConfiguration.framework in Frameworks */,
				CFB4ED45181EBEF3004E5846 /* MobileCoreServices.framework in Frameworks */,
				56FC709D1DAE582100DC1934 /* libWeiboSDK.a in Frameworks */,
				CF1E00E117C7B7AA00E3FF7F /* UIKit.framework in Frameworks */,
				CF1E00E317C7B7AA00E3FF7F /* Foundation.framework in Frameworks */,
				CF1E00E517C7B7AA00E3FF7F /* CoreGraphics.framework in Frameworks */,
				E68FF9F458CD402F8EDAE58C /* libPods.a in Frameworks */,
			);
			runOnlyForDeploymentPostprocessing = 0;
		};
		CFCAA3BB1A97173600136635 /* Frameworks */ = {
			isa = PBXFrameworksBuildPhase;
			buildActionMask = 2147483647;
			files = (
			);
			runOnlyForDeploymentPostprocessing = 0;
		};
/* End PBXFrameworksBuildPhase section */

/* Begin PBXGroup section */
		50D3A80BCF846B5013B4F1FD /* Pods */ = {
			isa = PBXGroup;
			children = (
				94F8244C5FDF7138C7443539 /* Pods.debug.xcconfig */,
				21AEE441C449EBAA39502A62 /* Pods.release.xcconfig */,
			);
			name = Pods;
			sourceTree = "<group>";
		};
		56EF491A199C9DD600B1A569 /* Transition */ = {
			isa = PBXGroup;
			children = (
				56EF491B199C9E0200B1A569 /* SYBCommentTransition.h */,
				56EF491C199C9E0200B1A569 /* SYBCommentTransition.m */,
				5679DC8519EFB21F004221C9 /* SYBActionTransition.h */,
				5679DC8619EFB21F004221C9 /* SYBActionTransition.m */,
			);
			name = Transition;
			sourceTree = "<group>";
		};
		56EF491E199CD03400B1A569 /* segue */ = {
			isa = PBXGroup;
			children = (
				56EF491F199CD08000B1A569 /* SYBPopoverSegue.h */,
				56EF4920199CD08000B1A569 /* SYBPopoverSegue.m */,
			);
			name = segue;
			sourceTree = "<group>";
		};
		56FC708F1DAE582100DC1934 /* libWeiboSDK */ = {
			isa = PBXGroup;
			children = (
				56FC70901DAE582100DC1934 /* libWeiboSDK.a */,
				56FC70911DAE582100DC1934 /* WBHttpRequest+WeiboGame.h */,
				56FC70921DAE582100DC1934 /* WBHttpRequest+WeiboShare.h */,
				56FC70931DAE582100DC1934 /* WBHttpRequest+WeiboToken.h */,
				56FC70941DAE582100DC1934 /* WBHttpRequest+WeiboUser.h */,
				56FC70951DAE582100DC1934 /* WBHttpRequest.h */,
				56FC70961DAE582100DC1934 /* WBSDKBasicButton.h */,
				56FC70971DAE582100DC1934 /* WBSDKCommentButton.h */,
				56FC70981DAE582100DC1934 /* WBSDKRelationshipButton.h */,
				56FC70991DAE582100DC1934 /* WeiboSDK+Statistics.h */,
				56FC709A1DAE582100DC1934 /* WeiboSDK.bundle */,
				56FC709B1DAE582100DC1934 /* WeiboSDK.h */,
				56FC709C1DAE582100DC1934 /* WeiboUser.h */,
			);
			path = libWeiboSDK;
			sourceTree = "<group>";
		};
		56FC709F1DAE583000DC1934 /* Vendor */ = {
			isa = PBXGroup;
			children = (
				56FC708F1DAE582100DC1934 /* libWeiboSDK */,
			);
			name = Vendor;
			sourceTree = "<group>";
		};
		56FC70AC1DAE5C9200DC1934 /* Router */ = {
			isa = PBXGroup;
			children = (
				56FC70AE1DAE5CC700DC1934 /* SYBRouter.swift */,
				56FC70AD1DAE5CC600DC1934 /* WClient-Bridging-Header.h */,
			);
			name = Router;
			sourceTree = "<group>";
		};
		CF06B2901823E88400D23AEA /* View */ = {
			isa = PBXGroup;
			children = (
				CFB18B8A18E6D69000FB03E2 /* SYBWeiboImageView.h */,
				CFB18B8B18E6D69000FB03E2 /* SYBWeiboImageView.m */,
				CF06B2911823E9F100D23AEA /* SYBWeiboViewCell.h */,
				CF06B2921823E9F100D23AEA /* SYBWeiboViewCell.m */,
				CF2DE528184A61DB00FC3403 /* SYBCellRetweetView.h */,
				CF2DE529184A61DB00FC3403 /* SYBCellRetweetView.m */,
				CFB18B8D18E7E41700FB03E2 /* SYBUserInfoView.h */,
				CFB18B8E18E7E41700FB03E2 /* SYBUserInfoView.m */,
				CFB18B9018E7E44000FB03E2 /* SYBUserInfoView.xib */,
				CF44FA7319913DBB00BB4FF1 /* SYBAttibutedViewCell.h */,
				CF44FA7419913DBB00BB4FF1 /* SYBAttibutedViewCell.m */,
			);
			name = View;
			sourceTree = "<group>";
		};
		CF1E00D417C7B7AA00E3FF7F = {
			isa = PBXGroup;
			children = (
				CF1E010317C7C05300E3FF7F /* Security.framework */,
				CF1E00E617C7B7AA00E3FF7F /* WClient */,
				CFCAA3BF1A97173600136635 /* WClientTests */,
				CF1E00DF17C7B7AA00E3FF7F /* Frameworks */,
				CF1E00DE17C7B7AA00E3FF7F /* Products */,
				50D3A80BCF846B5013B4F1FD /* Pods */,
			);
			sourceTree = "<group>";
		};
		CF1E00DE17C7B7AA00E3FF7F /* Products */ = {
			isa = PBXGroup;
			children = (
				CF1E00DD17C7B7AA00E3FF7F /* WClient.app */,
				CFCAA3BE1A97173600136635 /* WClientTests.xctest */,
			);
			name = Products;
			sourceTree = "<group>";
		};
		CF1E00DF17C7B7AA00E3FF7F /* Frameworks */ = {
			isa = PBXGroup;
			children = (
				56FC70AA1DAE5B4200DC1934 /* libsqlite3.tbd */,
				56FC70A81DAE5B3800DC1934 /* libsqlite3.0.tbd */,
				56FC70A61DAE5B2D00DC1934 /* libz.tbd */,
				56FC70A41DAE5B1B00DC1934 /* CoreText.framework */,
				56FC70A21DAE5B0D00DC1934 /* CoreTelephony.framework */,
				56FC70A01DAE5AF000DC1934 /* ImageIO.framework */,
				CF46E9BC18C4538E00507208 /* QuartzCore.framework */,
				CF58BB73185F3D9100CE3136 /* libicucore.dylib */,
				CFB4ED46181EBF20004E5846 /* SystemConfiguration.framework */,
				CFB4ED44181EBEF3004E5846 /* MobileCoreServices.framework */,
				CF1E00E017C7B7AA00E3FF7F /* UIKit.framework */,
				CF1E00E217C7B7AA00E3FF7F /* Foundation.framework */,
				CF1E00E417C7B7AA00E3FF7F /* CoreGraphics.framework */,
				5433629D8FC348C69BD82076 /* libPods.a */,
			);
			name = Frameworks;
			sourceTree = "<group>";
		};
		CF1E00E617C7B7AA00E3FF7F /* WClient */ = {
			isa = PBXGroup;
			children = (
				56FC70AC1DAE5C9200DC1934 /* Router */,
				CF7CA5401AB9D25100E76086 /* persistence */,
				56EF491E199CD03400B1A569 /* segue */,
				56EF491A199C9DD600B1A569 /* Transition */,
				CF46E9BE18C477DA00507208 /* Macro */,
				CF2DE51F1849E5CD00FC3403 /* classes */,
				CF06B2901823E88400D23AEA /* View */,
				CFB4ED2F181926CF004E5846 /* Model */,
				CF7CA5441ABB2AB000E76086 /* Category */,
				CFB4ED2A181925E6004E5846 /* API */,
				CF6FBD8E18372F06001A35EF /* Controller */,
				56FC709F1DAE583000DC1934 /* Vendor */,
				CF1E00E717C7B7AA00E3FF7F /* Supporting Files */,
				CF1E00EF17C7B7AA00E3FF7F /* SYBAppDelegate.h */,
				CF1E00F017C7B7AA00E3FF7F /* SYBAppDelegate.m */,
				CFA000EE17DF7A8700D08CCA /* WeiboConstantDefine.h */,
				56B1830D198F50830062F4CA /* MainStoryboard.storyboard */,
				CF7CA5481ABB337A00E76086 /* Launch Screen.xib */,
				CFB4ED36181AAFA6004E5846 /* WClient.entitlements */,
				CFC7163A1854954C0057EEE4 /* Images.xcassets */,
			);
			path = WClient;
			sourceTree = "<group>";
		};
		CF1E00E717C7B7AA00E3FF7F /* Supporting Files */ = {
			isa = PBXGroup;
			children = (
				CF6FBD921837DD47001A35EF /* images */,
				CF1E00E817C7B7AA00E3FF7F /* WClient-Info.plist */,
				CF1E00E917C7B7AA00E3FF7F /* InfoPlist.strings */,
				56B1830B198F50830062F4CA /* InfoPlist.strings */,
				CF1E00EC17C7B7AA00E3FF7F /* main.m */,
				CF1E00EE17C7B7AA00E3FF7F /* WClient-Prefix.pch */,
				CF1E00F217C7B7AA00E3FF7F /* Default.png */,
				CF1E00F417C7B7AA00E3FF7F /* Default@2x.png */,
				CF1E00F617C7B7AA00E3FF7F /* Default-568h@2x.png */,
			);
			name = "Supporting Files";
			sourceTree = "<group>";
		};
		CF2DE51F1849E5CD00FC3403 /* classes */ = {
			isa = PBXGroup;
			children = (
				CF58BB6D185F3C2B00CE3136 /* triparty */,
				CF2DE5201849E62300FC3403 /* UIColor+hex.h */,
				CF2DE5211849E62300FC3403 /* UIColor+hex.m */,
				CFCAA37E1A970AA200136635 /* NSDate+date.h */,
				CFCAA37F1A970AA200136635 /* NSDate+date.m */,
			);
			name = classes;
			sourceTree = "<group>";
		};
		CF46E9BE18C477DA00507208 /* Macro */ = {
			isa = PBXGroup;
			children = (
				CF46E9C118C4782900507208 /* APPMacro.h */,
			);
			name = Macro;
			sourceTree = "<group>";
		};
		CF58BB6D185F3C2B00CE3136 /* triparty */ = {
			isa = PBXGroup;
			children = (
				CF46E9B818C44F3C00507208 /* EGORefreshTableHeaderView.h */,
				CF46E9B918C44F3C00507208 /* EGORefreshTableHeaderView.m */,
				CF58BB70185F3CBF00CE3136 /* RegexKitLite.h */,
				CF58BB71185F3CBF00CE3136 /* RegexKitLite.m */,
			);
			name = triparty;
			sourceTree = "<group>";
		};
		CF6FBD8E18372F06001A35EF /* Controller */ = {
			isa = PBXGroup;
			children = (
				CFB4ED39181AF183004E5846 /* SYBLoginViewController.h */,
				CFB4ED3A181AF183004E5846 /* SYBLoginViewController.m */,
				56FC70B01DAE5E7100DC1934 /* SYBWeiboLoginViewController.swift */,
				CFB4ED3C181D4CC4004E5846 /* SYBListViewController.h */,
				CFB4ED3D181D4CC4004E5846 /* SYBListViewController.m */,
				CF6FBD8F1837DBC9001A35EF /* SYBMenuViewController.h */,
				CF6FBD901837DBC9001A35EF /* SYBMenuViewController.m */,
				5620AC041980DE6300A0B90E /* SYBWeiboViewController.h */,
				5620AC051980DE6300A0B90E /* SYBWeiboViewController.m */,
				56B1831D198F6A4C0062F4CA /* SYBWeiboActionViewController.h */,
				56B1831E198F6A4C0062F4CA /* SYBWeiboActionViewController.m */,
				56EF4917199C891A00B1A569 /* SYBCommentViewController.h */,
				56EF4918199C891A00B1A569 /* SYBCommentViewController.m */,
			);
			name = Controller;
			sourceTree = "<group>";
		};
		CF6FBD921837DD47001A35EF /* images */ = {
			isa = PBXGroup;
			children = (
				56722A8019FF961100EDE375 /* profile.png */,
				56722A8119FF961100EDE375 /* sina-weibo.png */,
				56B18311198F558F0062F4CA /* like.png */,
				56B18312198F558F0062F4CA /* forward.png */,
				56B18313198F558F0062F4CA /* bubble.png */,
				56B18314198F558F0062F4CA /* bubble@2x.png */,
				56B18315198F558F0062F4CA /* forward@2x.png */,
				56B18316198F558F0062F4CA /* like@2x.png */,
				CF58BB17185A131C00CE3136 /* UserIcon.png */,
				CFC716561859FF2C0057EEE4 /* NoImage.png */,
				CFC716401858AFBE0057EEE4 /* table_header_bg.png */,
				CFC716411858AFBE0057EEE4 /* table_header_bg@2x.png */,
				CFC716421858AFBE0057EEE4 /* timeline_rt_border_t.png */,
				CFC716431858AFBE0057EEE4 /* timeline_rt_border_t@2x.png */,
				CFC716461858AFBE0057EEE4 /* U74P176T72D61F1409DT20121211115111.jpg */,
			);
			name = images;
			sourceTree = "<group>";
		};
		CF7CA5401AB9D25100E76086 /* persistence */ = {
			isa = PBXGroup;
			children = (
				CF7CA5411AB9D2C200E76086 /* SYBPlistManagment.h */,
				CF7CA5421AB9D2C200E76086 /* SYBPlistManagment.m */,
			);
			name = persistence;
			sourceTree = "<group>";
		};
		CF7CA5441ABB2AB000E76086 /* Category */ = {
			isa = PBXGroup;
			children = (
				CF7CA5451ABB2D0600E76086 /* SYBWeiBo+tableViewCell.h */,
				CF7CA5461ABB2D0600E76086 /* SYBWeiBo+tableViewCell.m */,
				CF6048F11AD990E5008E6286 /* UIImage+image.h */,
				CF6048F21AD990E5008E6286 /* UIImage+image.m */,
				56D940B21DAFCCDD0052CC60 /* NSString+Extension.swift */,
				56D940B41DAFCF8F0052CC60 /* UIColor+Extension.swift */,
			);
			name = Category;
			sourceTree = "<group>";
		};
		CFB4ED2A181925E6004E5846 /* API */ = {
			isa = PBXGroup;
			children = (
				CFB4ED2B1819261F004E5846 /* SYBWeiboAPIClient.h */,
				CFB4ED2C1819261F004E5846 /* SYBWeiboAPIClient.m */,
			);
			name = API;
			sourceTree = "<group>";
		};
		CFB4ED2F181926CF004E5846 /* Model */ = {
			isa = PBXGroup;
			children = (
				CFB0864317E73E16003F5F03 /* SYBWeiBo.h */,
				CFB0864417E73E16003F5F03 /* SYBWeiBo.m */,
				56B183B3199228190062F4CA /* SYBWeiboAttitude.h */,
				56B183B4199228190062F4CA /* SYBWeiboAttitude.m */,
				CFB4ED3018193180004E5846 /* SYBWeiboUser.h */,
				CFB4ED3118193180004E5846 /* SYBWeiboUser.m */,
				CF3F795F182926D3008166B0 /* SYBWeiboPrivacy.h */,
				CF3F7960182926D3008166B0 /* SYBWeiboPrivacy.m */,
				CF3F796218292AC0008166B0 /* SYBWeiBoGEO.h */,
				CFC716521858B93E0057EEE4 /* SYBWeiBoGEO.m */,
				CF3F796518292AFF008166B0 /* SYBWeiBoComment.h */,
				CF3F796618292AFF008166B0 /* SYBWeiBoComment.m */,
				56B183B019920A9E0062F4CA /* SYBWeiboRetweet.h */,
				56B183B119920A9E0062F4CA /* SYBWeiboRetweet.m */,
				CF3F79681829343A008166B0 /* SYBWeiBoRemind.h */,
				CF3F79691829343A008166B0 /* SYBWeiBoRemind.m */,
				CF3F796B18293545008166B0 /* SYBWeiBoURLShort.h */,
				CF3F796C18293545008166B0 /* SYBWeiBoURLShort.m */,
				56D940461DAF7C150052CC60 /* SYBAccount.swift */,
			);
			name = Model;
			sourceTree = "<group>";
		};
		CFCAA3BF1A97173600136635 /* WClientTests */ = {
			isa = PBXGroup;
			children = (
				CFCAA3C21A97173600136635 /* WClientTests.m */,
				CFCAA3D81A98D3B700136635 /* NSDateDateTests.m */,
				CFCAA3C01A97173600136635 /* Supporting Files */,
			);
			path = WClientTests;
			sourceTree = "<group>";
		};
		CFCAA3C01A97173600136635 /* Supporting Files */ = {
			isa = PBXGroup;
			children = (
				CFCAA3C11A97173600136635 /* Info.plist */,
			);
			name = "Supporting Files";
			sourceTree = "<group>";
		};
/* End PBXGroup section */

/* Begin PBXNativeTarget section */
		CF1E00DC17C7B7AA00E3FF7F /* WClient */ = {
			isa = PBXNativeTarget;
			buildConfigurationList = CF1E010017C7B7AB00E3FF7F /* Build configuration list for PBXNativeTarget "WClient" */;
			buildPhases = (
				C506F8B582B04F4F943406EC /* Check Pods Manifest.lock */,
				CF1E00D917C7B7AA00E3FF7F /* Sources */,
				CF1E00DA17C7B7AA00E3FF7F /* Frameworks */,
				CF1E00DB17C7B7AA00E3FF7F /* Resources */,
				5EA8448BC1B5413CA199AA7E /* Copy Pods Resources */,
				7E76F300851997CCCF338164 /* Embed Pods Frameworks */,
			);
			buildRules = (
			);
			dependencies = (
			);
			name = WClient;
			productName = WClient;
			productReference = CF1E00DD17C7B7AA00E3FF7F /* WClient.app */;
			productType = "com.apple.product-type.application";
		};
		CFCAA3BD1A97173600136635 /* WClientTests */ = {
			isa = PBXNativeTarget;
			buildConfigurationList = CFCAA3C61A97173600136635 /* Build configuration list for PBXNativeTarget "WClientTests" */;
			buildPhases = (
				CFCAA3BA1A97173600136635 /* Sources */,
				CFCAA3BB1A97173600136635 /* Frameworks */,
				CFCAA3BC1A97173600136635 /* Resources */,
			);
			buildRules = (
			);
			dependencies = (
				CFCAA3C51A97173600136635 /* PBXTargetDependency */,
			);
			name = WClientTests;
			productName = WClientTests;
			productReference = CFCAA3BE1A97173600136635 /* WClientTests.xctest */;
			productType = "com.apple.product-type.bundle.unit-test";
		};
/* End PBXNativeTarget section */

/* Begin PBXProject section */
		CF1E00D517C7B7AA00E3FF7F /* Project object */ = {
			isa = PBXProject;
			attributes = {
				CLASSPREFIX = SYB;
				LastTestingUpgradeCheck = 0610;
				LastUpgradeCheck = 0800;
				ORGANIZATIONNAME = "Song Xiaoming";
				TargetAttributes = {
					CF1E00DC17C7B7AA00E3FF7F = {
						DevelopmentTeam = HX65M4299R;
						LastSwiftMigration = 0800;
						SystemCapabilities = {
							com.apple.Keychain = {
								enabled = 1;
							};
							com.apple.iOS = {
								enabled = 0;
							};
						};
					};
					CFCAA3BD1A97173600136635 = {
						CreatedOnToolsVersion = 6.1.1;
						TestTargetID = CF1E00DC17C7B7AA00E3FF7F;
					};
				};
			};
			buildConfigurationList = CF1E00D817C7B7AA00E3FF7F /* Build configuration list for PBXProject "WClient" */;
			compatibilityVersion = "Xcode 3.2";
			developmentRegion = English;
			hasScannedForEncodings = 0;
			knownRegions = (
				en,
				"zh-Hans",
			);
			mainGroup = CF1E00D417C7B7AA00E3FF7F;
			productRefGroup = CF1E00DE17C7B7AA00E3FF7F /* Products */;
			projectDirPath = "";
			projectRoot = "";
			targets = (
				CF1E00DC17C7B7AA00E3FF7F /* WClient */,
				CFCAA3BD1A97173600136635 /* WClientTests */,
			);
		};
/* End PBXProject section */

/* Begin PBXResourcesBuildPhase section */
		CF1E00DB17C7B7AA00E3FF7F /* Resources */ = {
			isa = PBXResourcesBuildPhase;
			buildActionMask = 2147483647;
			files = (
				56B18317198F558F0062F4CA /* like.png in Resources */,
				CF1E00EB17C7B7AA00E3FF7F /* InfoPlist.strings in Resources */,
				56B1830F198F50830062F4CA /* InfoPlist.strings in Resources */,
				CFC7164D1858AFBE0057EEE4 /* timeline_rt_border_t.png in Resources */,
				56B18318198F558F0062F4CA /* forward.png in Resources */,
				CF7CA5491ABB337A00E76086 /* Launch Screen.xib in Resources */,
				CFC7163B1854954C0057EEE4 /* Images.xcassets in Resources */,
				56B1831A198F558F0062F4CA /* bubble@2x.png in Resources */,
				CF1E00F317C7B7AA00E3FF7F /* Default.png in Resources */,
				56B1831B198F558F0062F4CA /* forward@2x.png in Resources */,
				CFC7164C1858AFBE0057EEE4 /* table_header_bg@2x.png in Resources */,
				56B18310198F50830062F4CA /* MainStoryboard.storyboard in Resources */,
				CF1E00F517C7B7AA00E3FF7F /* Default@2x.png in Resources */,
				CF58BB18185A131C00CE3136 /* UserIcon.png in Resources */,
				56B18319198F558F0062F4CA /* bubble.png in Resources */,
				CF1E00F717C7B7AA00E3FF7F /* Default-568h@2x.png in Resources */,
				CFB18B9118E7E44000FB03E2 /* SYBUserInfoView.xib in Resources */,
				CFC7164E1858AFBE0057EEE4 /* timeline_rt_border_t@2x.png in Resources */,
				CFC7164B1858AFBE0057EEE4 /* table_header_bg.png in Resources */,
				56B1831C198F558F0062F4CA /* like@2x.png in Resources */,
				56722A8319FF961100EDE375 /* sina-weibo.png in Resources */,
				56722A8219FF961100EDE375 /* profile.png in Resources */,
				56FC709E1DAE582100DC1934 /* WeiboSDK.bundle in Resources */,
				CFC716511858AFBE0057EEE4 /* U74P176T72D61F1409DT20121211115111.jpg in Resources */,
				CFC716571859FF2C0057EEE4 /* NoImage.png in Resources */,
			);
			runOnlyForDeploymentPostprocessing = 0;
		};
		CFCAA3BC1A97173600136635 /* Resources */ = {
			isa = PBXResourcesBuildPhase;
			buildActionMask = 2147483647;
			files = (
			);
			runOnlyForDeploymentPostprocessing = 0;
		};
/* End PBXResourcesBuildPhase section */

/* Begin PBXShellScriptBuildPhase section */
		5EA8448BC1B5413CA199AA7E /* Copy Pods Resources */ = {
			isa = PBXShellScriptBuildPhase;
			buildActionMask = 2147483647;
			files = (
			);
			inputPaths = (
			);
			name = "Copy Pods Resources";
			outputPaths = (
			);
			runOnlyForDeploymentPostprocessing = 0;
			shellPath = /bin/sh;
			shellScript = "\"${SRCROOT}/Pods/Target Support Files/Pods/Pods-resources.sh\"\n";
			showEnvVarsInLog = 0;
		};
		7E76F300851997CCCF338164 /* Embed Pods Frameworks */ = {
			isa = PBXShellScriptBuildPhase;
			buildActionMask = 2147483647;
			files = (
			);
			inputPaths = (
			);
			name = "Embed Pods Frameworks";
			outputPaths = (
			);
			runOnlyForDeploymentPostprocessing = 0;
			shellPath = /bin/sh;
			shellScript = "\"${SRCROOT}/Pods/Target Support Files/Pods/Pods-frameworks.sh\"\n";
			showEnvVarsInLog = 0;
		};
		C506F8B582B04F4F943406EC /* Check Pods Manifest.lock */ = {
			isa = PBXShellScriptBuildPhase;
			buildActionMask = 2147483647;
			files = (
			);
			inputPaths = (
			);
			name = "Check Pods Manifest.lock";
			outputPaths = (
			);
			runOnlyForDeploymentPostprocessing = 0;
			shellPath = /bin/sh;
			shellScript = "diff \"${PODS_ROOT}/../Podfile.lock\" \"${PODS_ROOT}/Manifest.lock\" > /dev/null\nif [[ $? != 0 ]] ; then\n    cat << EOM\nerror: The sandbox is not in sync with the Podfile.lock. Run 'pod install' or update your CocoaPods installation.\nEOM\n    exit 1\nfi\n";
			showEnvVarsInLog = 0;
		};
/* End PBXShellScriptBuildPhase section */

/* Begin PBXSourcesBuildPhase section */
		CF1E00D917C7B7AA00E3FF7F /* Sources */ = {
			isa = PBXSourcesBuildPhase;
			buildActionMask = 2147483647;
			files = (
				56D940B31DAFCCDD0052CC60 /* NSString+Extension.swift in Sources */,
				56D940B51DAFCF8F0052CC60 /* UIColor+Extension.swift in Sources */,
				CF7CA5431AB9D2C200E76086 /* SYBPlistManagment.m in Sources */,
				56B1831F198F6A4C0062F4CA /* SYBWeiboActionViewController.m in Sources */,
				56D940471DAF7C160052CC60 /* SYBAccount.swift in Sources */,
				CFB18B8C18E6D69000FB03E2 /* SYBWeiboImageView.m in Sources */,
				CF46E9BA18C44F3C00507208 /* EGORefreshTableHeaderView.m in Sources */,
				56EF491D199C9E0200B1A569 /* SYBCommentTransition.m in Sources */,
				CF06B2931823E9F100D23AEA /* SYBWeiboViewCell.m in Sources */,
				56EF4919199C891A00B1A569 /* SYBCommentViewController.m in Sources */,
				CF1E00ED17C7B7AA00E3FF7F /* main.m in Sources */,
				CFB18B8F18E7E41700FB03E2 /* SYBUserInfoView.m in Sources */,
				CF1E00F117C7B7AA00E3FF7F /* SYBAppDelegate.m in Sources */,
				CF3F796718292AFF008166B0 /* SYBWeiBoComment.m in Sources */,
				5620AC061980DE6300A0B90E /* SYBWeiboViewController.m in Sources */,
				CF2DE52A184A61DB00FC3403 /* SYBCellRetweetView.m in Sources */,
				56B183B219920A9E0062F4CA /* SYBWeiboRetweet.m in Sources */,
				56FC70B11DAE5E7100DC1934 /* SYBWeiboLoginViewController.swift in Sources */,
				CFCAA3801A970AA200136635 /* NSDate+date.m in Sources */,
				CFB4ED3218193180004E5846 /* SYBWeiboUser.m in Sources */,
				CFB4ED3B181AF183004E5846 /* SYBLoginViewController.m in Sources */,
				CF2DE5221849E62300FC3403 /* UIColor+hex.m in Sources */,
				56EF4921199CD08000B1A569 /* SYBPopoverSegue.m in Sources */,
				5679DC8719EFB21F004221C9 /* SYBActionTransition.m in Sources */,
				CF6FBD911837DBC9001A35EF /* SYBMenuViewController.m in Sources */,
				56B183B5199228190062F4CA /* SYBWeiboAttitude.m in Sources */,
				CFB4ED2D1819261F004E5846 /* SYBWeiboAPIClient.m in Sources */,
				CF6048F31AD990E5008E6286 /* UIImage+image.m in Sources */,
				CFB0864517E73E16003F5F03 /* SYBWeiBo.m in Sources */,
				CF58BB72185F3CBF00CE3136 /* RegexKitLite.m in Sources */,
				CF7CA5471ABB2D0600E76086 /* SYBWeiBo+tableViewCell.m in Sources */,
				56FC70AF1DAE5CC700DC1934 /* SYBRouter.swift in Sources */,
				CFC716531858B93E0057EEE4 /* SYBWeiBoGEO.m in Sources */,
				CF3F796A1829343A008166B0 /* SYBWeiBoRemind.m in Sources */,
				CF3F7961182926D3008166B0 /* SYBWeiboPrivacy.m in Sources */,
				CF3F796D18293545008166B0 /* SYBWeiBoURLShort.m in Sources */,
				CF44FA7519913DBB00BB4FF1 /* SYBAttibutedViewCell.m in Sources */,
				CFB4ED3E181D4CC4004E5846 /* SYBListViewController.m in Sources */,
			);
			runOnlyForDeploymentPostprocessing = 0;
		};
		CFCAA3BA1A97173600136635 /* Sources */ = {
			isa = PBXSourcesBuildPhase;
			buildActionMask = 2147483647;
			files = (
				CFCAA3D91A98D3B700136635 /* NSDateDateTests.m in Sources */,
				CFCAA3C31A97173600136635 /* WClientTests.m in Sources */,
			);
			runOnlyForDeploymentPostprocessing = 0;
		};
/* End PBXSourcesBuildPhase section */

/* Begin PBXTargetDependency section */
		CFCAA3C51A97173600136635 /* PBXTargetDependency */ = {
			isa = PBXTargetDependency;
			target = CF1E00DC17C7B7AA00E3FF7F /* WClient */;
			targetProxy = CFCAA3C41A97173600136635 /* PBXContainerItemProxy */;
		};
/* End PBXTargetDependency section */

/* Begin PBXVariantGroup section */
		56B1830B198F50830062F4CA /* InfoPlist.strings */ = {
			isa = PBXVariantGroup;
			children = (
				56B1830C198F50830062F4CA /* en */,
			);
			name = InfoPlist.strings;
			sourceTree = "<group>";
		};
		56B1830D198F50830062F4CA /* MainStoryboard.storyboard */ = {
			isa = PBXVariantGroup;
			children = (
				56B1830E198F50830062F4CA /* en */,
			);
			name = MainStoryboard.storyboard;
			sourceTree = "<group>";
		};
		CF1E00E917C7B7AA00E3FF7F /* InfoPlist.strings */ = {
			isa = PBXVariantGroup;
			children = (
				56B1830A198F4D680062F4CA /* zh-Hans */,
			);
			name = InfoPlist.strings;
			sourceTree = "<group>";
		};
/* End PBXVariantGroup section */

/* Begin XCBuildConfiguration section */
		CF1E00FE17C7B7AB00E3FF7F /* Debug */ = {
			isa = XCBuildConfiguration;
			buildSettings = {
				ALWAYS_SEARCH_USER_PATHS = NO;
				CLANG_ANALYZER_LOCALIZABILITY_NONLOCALIZED = YES;
				CLANG_CXX_LANGUAGE_STANDARD = "gnu++0x";
				CLANG_CXX_LIBRARY = "libc++";
				CLANG_ENABLE_OBJC_ARC = YES;
				CLANG_WARN_BOOL_CONVERSION = YES;
				CLANG_WARN_CONSTANT_CONVERSION = YES;
				CLANG_WARN_EMPTY_BODY = YES;
				CLANG_WARN_ENUM_CONVERSION = YES;
				CLANG_WARN_INFINITE_RECURSION = YES;
				CLANG_WARN_INT_CONVERSION = YES;
				CLANG_WARN_SUSPICIOUS_MOVE = YES;
				CLANG_WARN_UNREACHABLE_CODE = YES;
				CLANG_WARN__DUPLICATE_METHOD_MATCH = YES;
				"CODE_SIGN_IDENTITY[sdk=iphoneos*]" = "iPhone Developer";
				COPY_PHASE_STRIP = NO;
				ENABLE_STRICT_OBJC_MSGSEND = YES;
				ENABLE_TESTABILITY = YES;
				GCC_C_LANGUAGE_STANDARD = gnu99;
				GCC_DYNAMIC_NO_PIC = NO;
				GCC_NO_COMMON_BLOCKS = YES;
				GCC_OPTIMIZATION_LEVEL = 0;
				GCC_PREPROCESSOR_DEFINITIONS = (
					"DEBUG=1",
					"$(inherited)",
				);
				GCC_SYMBOLS_PRIVATE_EXTERN = NO;
				GCC_WARN_64_TO_32_BIT_CONVERSION = YES;
				GCC_WARN_ABOUT_RETURN_TYPE = YES;
				GCC_WARN_UNDECLARED_SELECTOR = YES;
				GCC_WARN_UNINITIALIZED_AUTOS = YES;
				GCC_WARN_UNUSED_FUNCTION = YES;
				GCC_WARN_UNUSED_VARIABLE = YES;
				IPHONEOS_DEPLOYMENT_TARGET = 8.0;
				ONLY_ACTIVE_ARCH = YES;
				SDKROOT = iphoneos;
			};
			name = Debug;
		};
		CF1E00FF17C7B7AB00E3FF7F /* Release */ = {
			isa = XCBuildConfiguration;
			buildSettings = {
				ALWAYS_SEARCH_USER_PATHS = NO;
				CLANG_ANALYZER_LOCALIZABILITY_NONLOCALIZED = YES;
				CLANG_CXX_LANGUAGE_STANDARD = "gnu++0x";
				CLANG_CXX_LIBRARY = "libc++";
				CLANG_ENABLE_OBJC_ARC = YES;
				CLANG_WARN_BOOL_CONVERSION = YES;
				CLANG_WARN_CONSTANT_CONVERSION = YES;
				CLANG_WARN_EMPTY_BODY = YES;
				CLANG_WARN_ENUM_CONVERSION = YES;
				CLANG_WARN_INFINITE_RECURSION = YES;
				CLANG_WARN_INT_CONVERSION = YES;
				CLANG_WARN_SUSPICIOUS_MOVE = YES;
				CLANG_WARN_UNREACHABLE_CODE = YES;
				CLANG_WARN__DUPLICATE_METHOD_MATCH = YES;
				"CODE_SIGN_IDENTITY[sdk=iphoneos*]" = "iPhone Developer";
				COPY_PHASE_STRIP = YES;
				ENABLE_STRICT_OBJC_MSGSEND = YES;
				GCC_C_LANGUAGE_STANDARD = gnu99;
				GCC_NO_COMMON_BLOCKS = YES;
				GCC_WARN_64_TO_32_BIT_CONVERSION = YES;
				GCC_WARN_ABOUT_RETURN_TYPE = YES;
				GCC_WARN_UNDECLARED_SELECTOR = YES;
				GCC_WARN_UNINITIALIZED_AUTOS = YES;
				GCC_WARN_UNUSED_FUNCTION = YES;
				GCC_WARN_UNUSED_VARIABLE = YES;
				IPHONEOS_DEPLOYMENT_TARGET = 8.0;
				OTHER_CFLAGS = "-DNS_BLOCK_ASSERTIONS=1";
				SDKROOT = iphoneos;
				VALIDATE_PRODUCT = YES;
			};
			name = Release;
		};
		CF1E010117C7B7AB00E3FF7F /* Debug */ = {
			isa = XCBuildConfiguration;
			baseConfigurationReference = 94F8244C5FDF7138C7443539 /* Pods.debug.xcconfig */;
			buildSettings = {
				ALWAYS_EMBED_SWIFT_STANDARD_LIBRARIES = YES;
				ASSETCATALOG_COMPILER_APPICON_NAME = AppIcon;
				ASSETCATALOG_COMPILER_LAUNCHIMAGE_NAME = "LaunchImage-2";
				CLANG_ENABLE_MODULES = YES;
				CODE_SIGN_ENTITLEMENTS = WClient/WClient.entitlements;
				CODE_SIGN_IDENTITY = "iPhone Developer";
				GCC_PRECOMPILE_PREFIX_HEADER = YES;
				GCC_PREFIX_HEADER = "WClient/WClient-Prefix.pch";
				INFOPLIST_FILE = "WClient/WClient-Info.plist";
				IPHONEOS_DEPLOYMENT_TARGET = 8.0;
				LD_RUNPATH_SEARCH_PATHS = "$(inherited) @executable_path/Frameworks";
				LIBRARY_SEARCH_PATHS = (
					"$(inherited)",
					"$(PROJECT_DIR)/WClient/libWeiboSDK",
				);
				PRODUCT_BUNDLE_IDENTIFIER = "com.ryansong90.$(PRODUCT_NAME:rfc1034identifier)";
				PRODUCT_NAME = "$(TARGET_NAME)";
				SWIFT_OBJC_BRIDGING_HEADER = "WClient/WClient-Bridging-Header.h";
				SWIFT_OPTIMIZATION_LEVEL = "-Onone";
				SWIFT_VERSION = 3.0;
				WRAPPER_EXTENSION = app;
			};
			name = Debug;
		};
		CF1E010217C7B7AB00E3FF7F /* Release */ = {
			isa = XCBuildConfiguration;
			baseConfigurationReference = 21AEE441C449EBAA39502A62 /* Pods.release.xcconfig */;
			buildSettings = {
				ALWAYS_EMBED_SWIFT_STANDARD_LIBRARIES = YES;
				ASSETCATALOG_COMPILER_APPICON_NAME = AppIcon;
				ASSETCATALOG_COMPILER_LAUNCHIMAGE_NAME = "LaunchImage-2";
				CLANG_ENABLE_MODULES = YES;
				CODE_SIGN_ENTITLEMENTS = WClient/WClient.entitlements;
				CODE_SIGN_IDENTITY = "iPhone Developer";
				GCC_PRECOMPILE_PREFIX_HEADER = YES;
				GCC_PREFIX_HEADER = "WClient/WClient-Prefix.pch";
				INFOPLIST_FILE = "WClient/WClient-Info.plist";
				IPHONEOS_DEPLOYMENT_TARGET = 8.0;
				LD_RUNPATH_SEARCH_PATHS = "$(inherited) @executable_path/Frameworks";
				LIBRARY_SEARCH_PATHS = (
					"$(inherited)",
					"$(PROJECT_DIR)/WClient/libWeiboSDK",
				);
				PRODUCT_BUNDLE_IDENTIFIER = "com.ryansong90.$(PRODUCT_NAME:rfc1034identifier)";
				PRODUCT_NAME = "$(TARGET_NAME)";
				SWIFT_OBJC_BRIDGING_HEADER = "WClient/WClient-Bridging-Header.h";
				SWIFT_VERSION = 3.0;
				WRAPPER_EXTENSION = app;
			};
			name = Release;
		};
		CFCAA3C71A97173600136635 /* Debug */ = {
			isa = XCBuildConfiguration;
			buildSettings = {
				ALWAYS_EMBED_SWIFT_STANDARD_LIBRARIES = YES;
				BUNDLE_LOADER = "$(TEST_HOST)";
				CLANG_ENABLE_MODULES = YES;
				CLANG_WARN_BOOL_CONVERSION = YES;
				CLANG_WARN_DIRECT_OBJC_ISA_USAGE = YES_ERROR;
				CLANG_WARN_OBJC_ROOT_CLASS = YES_ERROR;
				CLANG_WARN_UNREACHABLE_CODE = YES;
				ENABLE_STRICT_OBJC_MSGSEND = YES;
				GCC_PREPROCESSOR_DEFINITIONS = (
					"DEBUG=1",
					"$(inherited)",
				);
				GCC_WARN_64_TO_32_BIT_CONVERSION = YES;
				GCC_WARN_ABOUT_RETURN_TYPE = YES_ERROR;
				GCC_WARN_UNDECLARED_SELECTOR = YES;
				GCC_WARN_UNINITIALIZED_AUTOS = YES_AGGRESSIVE;
				GCC_WARN_UNUSED_FUNCTION = YES;
				INFOPLIST_FILE = WClientTests/Info.plist;
				IPHONEOS_DEPLOYMENT_TARGET = 8.1;
				LD_RUNPATH_SEARCH_PATHS = "$(inherited) @executable_path/Frameworks @loader_path/Frameworks";
				MTL_ENABLE_DEBUG_INFO = YES;
				PRODUCT_BUNDLE_IDENTIFIER = "com.songryan.biscuit.$(PRODUCT_NAME:rfc1034identifier)";
				PRODUCT_NAME = "$(TARGET_NAME)";
				TEST_HOST = "$(BUILT_PRODUCTS_DIR)/WClient.app/WClient";
			};
			name = Debug;
		};
		CFCAA3C81A97173600136635 /* Release */ = {
			isa = XCBuildConfiguration;
			buildSettings = {
				ALWAYS_EMBED_SWIFT_STANDARD_LIBRARIES = YES;
				BUNDLE_LOADER = "$(TEST_HOST)";
				CLANG_ENABLE_MODULES = YES;
				CLANG_WARN_BOOL_CONVERSION = YES;
				CLANG_WARN_DIRECT_OBJC_ISA_USAGE = YES_ERROR;
				CLANG_WARN_OBJC_ROOT_CLASS = YES_ERROR;
				CLANG_WARN_UNREACHABLE_CODE = YES;
				ENABLE_NS_ASSERTIONS = NO;
				ENABLE_STRICT_OBJC_MSGSEND = YES;
				GCC_WARN_64_TO_32_BIT_CONVERSION = YES;
				GCC_WARN_ABOUT_RETURN_TYPE = YES_ERROR;
				GCC_WARN_UNDECLARED_SELECTOR = YES;
				GCC_WARN_UNINITIALIZED_AUTOS = YES_AGGRESSIVE;
				GCC_WARN_UNUSED_FUNCTION = YES;
				INFOPLIST_FILE = WClientTests/Info.plist;
				IPHONEOS_DEPLOYMENT_TARGET = 8.1;
				LD_RUNPATH_SEARCH_PATHS = "$(inherited) @executable_path/Frameworks @loader_path/Frameworks";
				MTL_ENABLE_DEBUG_INFO = NO;
				PRODUCT_BUNDLE_IDENTIFIER = "com.songryan.biscuit.$(PRODUCT_NAME:rfc1034identifier)";
				PRODUCT_NAME = "$(TARGET_NAME)";
				TEST_HOST = "$(BUILT_PRODUCTS_DIR)/WClient.app/WClient";
			};
			name = Release;
		};
/* End XCBuildConfiguration section */

/* Begin XCConfigurationList section */
		CF1E00D817C7B7AA00E3FF7F /* Build configuration list for PBXProject "WClient" */ = {
			isa = XCConfigurationList;
			buildConfigurations = (
				CF1E00FE17C7B7AB00E3FF7F /* Debug */,
				CF1E00FF17C7B7AB00E3FF7F /* Release */,
			);
			defaultConfigurationIsVisible = 0;
			defaultConfigurationName = Release;
		};
		CF1E010017C7B7AB00E3FF7F /* Build configuration list for PBXNativeTarget "WClient" */ = {
			isa = XCConfigurationList;
			buildConfigurations = (
				CF1E010117C7B7AB00E3FF7F /* Debug */,
				CF1E010217C7B7AB00E3FF7F /* Release */,
			);
			defaultConfigurationIsVisible = 0;
			defaultConfigurationName = Release;
		};
		CFCAA3C61A97173600136635 /* Build configuration list for PBXNativeTarget "WClientTests" */ = {
			isa = XCConfigurationList;
			buildConfigurations = (
				CFCAA3C71A97173600136635 /* Debug */,
				CFCAA3C81A97173600136635 /* Release */,
			);
			defaultConfigurationIsVisible = 0;
			defaultConfigurationName = Release;
		};
/* End XCConfigurationList section */
	};
	rootObject = CF1E00D517C7B7AA00E3FF7F /* Project object */;
}
