// !$*UTF8*$!
{
	archiveVersion = 1;
	classes = {
	};
	objectVersion = 46;
	objects = {

/* Begin PBXBuildFile section */
		5620AC061980DE6300A0B90E /* SYBWeiboViewController.m in Sources */ = {isa = PBXBuildFile; fileRef = 5620AC051980DE6300A0B90E /* SYBWeiboViewController.m */; };
		56B1830F198F50830062F4CA /* InfoPlist.strings in Resources */ = {isa = PBXBuildFile; fileRef = 56B1830B198F50830062F4CA /* InfoPlist.strings */; };
		56B18310198F50830062F4CA /* MainStoryboard.storyboard in Resources */ = {isa = PBXBuildFile; fileRef = 56B1830D198F50830062F4CA /* MainStoryboard.storyboard */; };
		CF06B2931823E9F100D23AEA /* SYBWeiboViewCell.m in Sources */ = {isa = PBXBuildFile; fileRef = CF06B2921823E9F100D23AEA /* SYBWeiboViewCell.m */; };
		CF135C7B1950A83B00AE2E90 /* SYBWeiboCell.m in Sources */ = {isa = PBXBuildFile; fileRef = CF135C7A1950A83B00AE2E90 /* SYBWeiboCell.m */; };
		CF1E00E117C7B7AA00E3FF7F /* UIKit.framework in Frameworks */ = {isa = PBXBuildFile; fileRef = CF1E00E017C7B7AA00E3FF7F /* UIKit.framework */; };
		CF1E00E317C7B7AA00E3FF7F /* Foundation.framework in Frameworks */ = {isa = PBXBuildFile; fileRef = CF1E00E217C7B7AA00E3FF7F /* Foundation.framework */; };
		CF1E00E517C7B7AA00E3FF7F /* CoreGraphics.framework in Frameworks */ = {isa = PBXBuildFile; fileRef = CF1E00E417C7B7AA00E3FF7F /* CoreGraphics.framework */; };
		CF1E00EB17C7B7AA00E3FF7F /* InfoPlist.strings in Resources */ = {isa = PBXBuildFile; fileRef = CF1E00E917C7B7AA00E3FF7F /* InfoPlist.strings */; };
		CF1E00ED17C7B7AA00E3FF7F /* main.m in Sources */ = {isa = PBXBuildFile; fileRef = CF1E00EC17C7B7AA00E3FF7F /* main.m */; };
		CF1E00F117C7B7AA00E3FF7F /* SYBAppDelegate.m in Sources */ = {isa = PBXBuildFile; fileRef = CF1E00F017C7B7AA00E3FF7F /* SYBAppDelegate.m */; };
		CF1E00F317C7B7AA00E3FF7F /* Default.png in Resources */ = {isa = PBXBuildFile; fileRef = CF1E00F217C7B7AA00E3FF7F /* Default.png */; };
		CF1E00F517C7B7AA00E3FF7F /* Default@2x.png in Resources */ = {isa = PBXBuildFile; fileRef = CF1E00F417C7B7AA00E3FF7F /* Default@2x.png */; };
		CF1E00F717C7B7AA00E3FF7F /* Default-568h@2x.png in Resources */ = {isa = PBXBuildFile; fileRef = CF1E00F617C7B7AA00E3FF7F /* Default-568h@2x.png */; };
		CF1E010417C7C05300E3FF7F /* Security.framework in Frameworks */ = {isa = PBXBuildFile; fileRef = CF1E010317C7C05300E3FF7F /* Security.framework */; };
		CF2DE5221849E62300FC3403 /* UIColor+hex.m in Sources */ = {isa = PBXBuildFile; fileRef = CF2DE5211849E62300FC3403 /* UIColor+hex.m */; };
		CF2DE52A184A61DB00FC3403 /* SYBCellRetweetView.m in Sources */ = {isa = PBXBuildFile; fileRef = CF2DE529184A61DB00FC3403 /* SYBCellRetweetView.m */; };
		CF3F7961182926D3008166B0 /* SYBWeiboPrivacy.m in Sources */ = {isa = PBXBuildFile; fileRef = CF3F7960182926D3008166B0 /* SYBWeiboPrivacy.m */; };
		CF3F796718292AFF008166B0 /* SYBWeiBoComment.m in Sources */ = {isa = PBXBuildFile; fileRef = CF3F796618292AFF008166B0 /* SYBWeiBoComment.m */; };
		CF3F796A1829343A008166B0 /* SYBWeiBoRemind.m in Sources */ = {isa = PBXBuildFile; fileRef = CF3F79691829343A008166B0 /* SYBWeiBoRemind.m */; };
		CF3F796D18293545008166B0 /* SYBWeiBoURLShort.m in Sources */ = {isa = PBXBuildFile; fileRef = CF3F796C18293545008166B0 /* SYBWeiBoURLShort.m */; };
		CF46E9BA18C44F3C00507208 /* EGORefreshTableHeaderView.m in Sources */ = {isa = PBXBuildFile; fileRef = CF46E9B918C44F3C00507208 /* EGORefreshTableHeaderView.m */; settings = {COMPILER_FLAGS = "-fno-objc-arc"; }; };
		CF46E9BD18C4538E00507208 /* QuartzCore.framework in Frameworks */ = {isa = PBXBuildFile; fileRef = CF46E9BC18C4538E00507208 /* QuartzCore.framework */; };
		CF58BB18185A131C00CE3136 /* UserIcon.png in Resources */ = {isa = PBXBuildFile; fileRef = CF58BB17185A131C00CE3136 /* UserIcon.png */; };
		CF58BB72185F3CBF00CE3136 /* RegexKitLite.m in Sources */ = {isa = PBXBuildFile; fileRef = CF58BB71185F3CBF00CE3136 /* RegexKitLite.m */; settings = {COMPILER_FLAGS = "-fno-objc-arc"; }; };
		CF58BB74185F3D9100CE3136 /* libicucore.dylib in Frameworks */ = {isa = PBXBuildFile; fileRef = CF58BB73185F3D9100CE3136 /* libicucore.dylib */; };
		CF6FBD911837DBC9001A35EF /* SYBMenuViewController.m in Sources */ = {isa = PBXBuildFile; fileRef = CF6FBD901837DBC9001A35EF /* SYBMenuViewController.m */; };
		CFB0864517E73E16003F5F03 /* SYBWeiBo.m in Sources */ = {isa = PBXBuildFile; fileRef = CFB0864417E73E16003F5F03 /* SYBWeiBo.m */; };
		CFB18B8C18E6D69000FB03E2 /* SYBWeiboImageView.m in Sources */ = {isa = PBXBuildFile; fileRef = CFB18B8B18E6D69000FB03E2 /* SYBWeiboImageView.m */; };
		CFB18B8F18E7E41700FB03E2 /* SYBUserInfoView.m in Sources */ = {isa = PBXBuildFile; fileRef = CFB18B8E18E7E41700FB03E2 /* SYBUserInfoView.m */; };
		CFB18B9118E7E44000FB03E2 /* SYBUserInfoView.xib in Resources */ = {isa = PBXBuildFile; fileRef = CFB18B9018E7E44000FB03E2 /* SYBUserInfoView.xib */; };
		CFB4ED2D1819261F004E5846 /* SYBWeiboAPIClient.m in Sources */ = {isa = PBXBuildFile; fileRef = CFB4ED2C1819261F004E5846 /* SYBWeiboAPIClient.m */; };
		CFB4ED3218193180004E5846 /* SYBWeiboUser.m in Sources */ = {isa = PBXBuildFile; fileRef = CFB4ED3118193180004E5846 /* SYBWeiboUser.m */; };
		CFB4ED3B181AF183004E5846 /* SYBLoginViewController.m in Sources */ = {isa = PBXBuildFile; fileRef = CFB4ED3A181AF183004E5846 /* SYBLoginViewController.m */; };
		CFB4ED3E181D4CC4004E5846 /* SYBListViewController.m in Sources */ = {isa = PBXBuildFile; fileRef = CFB4ED3D181D4CC4004E5846 /* SYBListViewController.m */; };
		CFB4ED45181EBEF3004E5846 /* MobileCoreServices.framework in Frameworks */ = {isa = PBXBuildFile; fileRef = CFB4ED44181EBEF3004E5846 /* MobileCoreServices.framework */; };
		CFB4ED47181EBF20004E5846 /* SystemConfiguration.framework in Frameworks */ = {isa = PBXBuildFile; fileRef = CFB4ED46181EBF20004E5846 /* SystemConfiguration.framework */; };
		CFC7163B1854954C0057EEE4 /* Images.xcassets in Resources */ = {isa = PBXBuildFile; fileRef = CFC7163A1854954C0057EEE4 /* Images.xcassets */; };
		CFC7164B1858AFBE0057EEE4 /* table_header_bg.png in Resources */ = {isa = PBXBuildFile; fileRef = CFC716401858AFBE0057EEE4 /* table_header_bg.png */; };
		CFC7164C1858AFBE0057EEE4 /* table_header_bg@2x.png in Resources */ = {isa = PBXBuildFile; fileRef = CFC716411858AFBE0057EEE4 /* table_header_bg@2x.png */; };
		CFC7164D1858AFBE0057EEE4 /* timeline_rt_border_t.png in Resources */ = {isa = PBXBuildFile; fileRef = CFC716421858AFBE0057EEE4 /* timeline_rt_border_t.png */; };
		CFC7164E1858AFBE0057EEE4 /* timeline_rt_border_t@2x.png in Resources */ = {isa = PBXBuildFile; fileRef = CFC716431858AFBE0057EEE4 /* timeline_rt_border_t@2x.png */; };
		CFC716511858AFBE0057EEE4 /* U74P176T72D61F1409DT20121211115111.jpg in Resources */ = {isa = PBXBuildFile; fileRef = CFC716461858AFBE0057EEE4 /* U74P176T72D61F1409DT20121211115111.jpg */; };
		CFC716531858B93E0057EEE4 /* SYBWeiBoGEO.m in Sources */ = {isa = PBXBuildFile; fileRef = CFC716521858B93E0057EEE4 /* SYBWeiBoGEO.m */; };
		CFC716571859FF2C0057EEE4 /* NoImage.png in Resources */ = {isa = PBXBuildFile; fileRef = CFC716561859FF2C0057EEE4 /* NoImage.png */; };
		E68FF9F458CD402F8EDAE58C /* libPods.a in Frameworks */ = {isa = PBXBuildFile; fileRef = 5433629D8FC348C69BD82076 /* libPods.a */; };
/* End PBXBuildFile section */

/* Begin PBXFileReference section */
		5433629D8FC348C69BD82076 /* libPods.a */ = {isa = PBXFileReference; explicitFileType = archive.ar; includeInIndex = 0; path = libPods.a; sourceTree = BUILT_PRODUCTS_DIR; };
		5620AC041980DE6300A0B90E /* SYBWeiboViewController.h */ = {isa = PBXFileReference; fileEncoding = 4; lastKnownFileType = sourcecode.c.h; path = SYBWeiboViewController.h; sourceTree = "<group>"; };
		5620AC051980DE6300A0B90E /* SYBWeiboViewController.m */ = {isa = PBXFileReference; fileEncoding = 4; lastKnownFileType = sourcecode.c.objc; path = SYBWeiboViewController.m; sourceTree = "<group>"; };
		56B1830A198F4D680062F4CA /* zh-Hans */ = {isa = PBXFileReference; lastKnownFileType = text.plist.strings; name = "zh-Hans"; path = "zh-Hans.lproj/InfoPlist.strings"; sourceTree = "<group>"; };
		56B1830C198F50830062F4CA /* en */ = {isa = PBXFileReference; lastKnownFileType = text.plist.strings; name = en; path = en.lproj/InfoPlist.strings; sourceTree = "<group>"; };
		56B1830E198F50830062F4CA /* en */ = {isa = PBXFileReference; lastKnownFileType = file.storyboard; name = en; path = en.lproj/MainStoryboard.storyboard; sourceTree = "<group>"; };
		841B6172C6414D1DB2E56E60 /* Pods.xcconfig */ = {isa = PBXFileReference; includeInIndex = 1; lastKnownFileType = text.xcconfig; name = Pods.xcconfig; path = Pods/Pods.xcconfig; sourceTree = "<group>"; };
		CF06B2911823E9F100D23AEA /* SYBWeiboViewCell.h */ = {isa = PBXFileReference; fileEncoding = 4; lastKnownFileType = sourcecode.c.h; path = SYBWeiboViewCell.h; sourceTree = "<group>"; };
		CF06B2921823E9F100D23AEA /* SYBWeiboViewCell.m */ = {isa = PBXFileReference; fileEncoding = 4; lastKnownFileType = sourcecode.c.objc; path = SYBWeiboViewCell.m; sourceTree = "<group>"; };
		CF135C791950A83B00AE2E90 /* SYBWeiboCell.h */ = {isa = PBXFileReference; fileEncoding = 4; lastKnownFileType = sourcecode.c.h; path = SYBWeiboCell.h; sourceTree = "<group>"; };
		CF135C7A1950A83B00AE2E90 /* SYBWeiboCell.m */ = {isa = PBXFileReference; fileEncoding = 4; lastKnownFileType = sourcecode.c.objc; path = SYBWeiboCell.m; sourceTree = "<group>"; };
		CF1E00DD17C7B7AA00E3FF7F /* WClient.app */ = {isa = PBXFileReference; explicitFileType = wrapper.application; includeInIndex = 0; path = WClient.app; sourceTree = BUILT_PRODUCTS_DIR; };
		CF1E00E017C7B7AA00E3FF7F /* UIKit.framework */ = {isa = PBXFileReference; lastKnownFileType = wrapper.framework; name = UIKit.framework; path = System/Library/Frameworks/UIKit.framework; sourceTree = SDKROOT; };
		CF1E00E217C7B7AA00E3FF7F /* Foundation.framework */ = {isa = PBXFileReference; lastKnownFileType = wrapper.framework; name = Foundation.framework; path = System/Library/Frameworks/Foundation.framework; sourceTree = SDKROOT; };
		CF1E00E417C7B7AA00E3FF7F /* CoreGraphics.framework */ = {isa = PBXFileReference; lastKnownFileType = wrapper.framework; name = CoreGraphics.framework; path = System/Library/Frameworks/CoreGraphics.framework; sourceTree = SDKROOT; };
		CF1E00E817C7B7AA00E3FF7F /* WClient-Info.plist */ = {isa = PBXFileReference; lastKnownFileType = text.plist.xml; path = "WClient-Info.plist"; sourceTree = "<group>"; };
		CF1E00EC17C7B7AA00E3FF7F /* main.m */ = {isa = PBXFileReference; lastKnownFileType = sourcecode.c.objc; path = main.m; sourceTree = "<group>"; };
		CF1E00EE17C7B7AA00E3FF7F /* WClient-Prefix.pch */ = {isa = PBXFileReference; lastKnownFileType = sourcecode.c.h; path = "WClient-Prefix.pch"; sourceTree = "<group>"; };
		CF1E00EF17C7B7AA00E3FF7F /* SYBAppDelegate.h */ = {isa = PBXFileReference; lastKnownFileType = sourcecode.c.h; path = SYBAppDelegate.h; sourceTree = "<group>"; };
		CF1E00F017C7B7AA00E3FF7F /* SYBAppDelegate.m */ = {isa = PBXFileReference; lastKnownFileType = sourcecode.c.objc; path = SYBAppDelegate.m; sourceTree = "<group>"; };
		CF1E00F217C7B7AA00E3FF7F /* Default.png */ = {isa = PBXFileReference; lastKnownFileType = image.png; path = Default.png; sourceTree = "<group>"; };
		CF1E00F417C7B7AA00E3FF7F /* Default@2x.png */ = {isa = PBXFileReference; lastKnownFileType = image.png; path = "Default@2x.png"; sourceTree = "<group>"; };
		CF1E00F617C7B7AA00E3FF7F /* Default-568h@2x.png */ = {isa = PBXFileReference; lastKnownFileType = image.png; path = "Default-568h@2x.png"; sourceTree = "<group>"; };
		CF1E010317C7C05300E3FF7F /* Security.framework */ = {isa = PBXFileReference; lastKnownFileType = wrapper.framework; name = Security.framework; path = System/Library/Frameworks/Security.framework; sourceTree = SDKROOT; };
		CF1E010B17C8683200E3FF7F /* SenTestingKit.framework */ = {isa = PBXFileReference; lastKnownFileType = wrapper.framework; name = SenTestingKit.framework; path = Library/Frameworks/SenTestingKit.framework; sourceTree = DEVELOPER_DIR; };
		CF2DE5201849E62300FC3403 /* UIColor+hex.h */ = {isa = PBXFileReference; fileEncoding = 4; lastKnownFileType = sourcecode.c.h; path = "UIColor+hex.h"; sourceTree = "<group>"; };
		CF2DE5211849E62300FC3403 /* UIColor+hex.m */ = {isa = PBXFileReference; fileEncoding = 4; lastKnownFileType = sourcecode.c.objc; path = "UIColor+hex.m"; sourceTree = "<group>"; };
		CF2DE528184A61DB00FC3403 /* SYBCellRetweetView.h */ = {isa = PBXFileReference; fileEncoding = 4; lastKnownFileType = sourcecode.c.h; path = SYBCellRetweetView.h; sourceTree = "<group>"; };
		CF2DE529184A61DB00FC3403 /* SYBCellRetweetView.m */ = {isa = PBXFileReference; fileEncoding = 4; lastKnownFileType = sourcecode.c.objc; path = SYBCellRetweetView.m; sourceTree = "<group>"; };
		CF3F795F182926D3008166B0 /* SYBWeiboPrivacy.h */ = {isa = PBXFileReference; fileEncoding = 4; lastKnownFileType = sourcecode.c.h; path = SYBWeiboPrivacy.h; sourceTree = "<group>"; };
		CF3F7960182926D3008166B0 /* SYBWeiboPrivacy.m */ = {isa = PBXFileReference; fileEncoding = 4; lastKnownFileType = sourcecode.c.objc; path = SYBWeiboPrivacy.m; sourceTree = "<group>"; };
		CF3F796218292AC0008166B0 /* SYBWeiBoGEO.h */ = {isa = PBXFileReference; fileEncoding = 4; lastKnownFileType = sourcecode.c.h; path = SYBWeiBoGEO.h; sourceTree = "<group>"; };
		CF3F796518292AFF008166B0 /* SYBWeiBoComment.h */ = {isa = PBXFileReference; fileEncoding = 4; lastKnownFileType = sourcecode.c.h; path = SYBWeiBoComment.h; sourceTree = "<group>"; };
		CF3F796618292AFF008166B0 /* SYBWeiBoComment.m */ = {isa = PBXFileReference; fileEncoding = 4; lastKnownFileType = sourcecode.c.objc; path = SYBWeiBoComment.m; sourceTree = "<group>"; };
		CF3F79681829343A008166B0 /* SYBWeiBoRemind.h */ = {isa = PBXFileReference; fileEncoding = 4; lastKnownFileType = sourcecode.c.h; path = SYBWeiBoRemind.h; sourceTree = "<group>"; };
		CF3F79691829343A008166B0 /* SYBWeiBoRemind.m */ = {isa = PBXFileReference; fileEncoding = 4; lastKnownFileType = sourcecode.c.objc; path = SYBWeiBoRemind.m; sourceTree = "<group>"; };
		CF3F796B18293545008166B0 /* SYBWeiBoURLShort.h */ = {isa = PBXFileReference; fileEncoding = 4; lastKnownFileType = sourcecode.c.h; path = SYBWeiBoURLShort.h; sourceTree = "<group>"; };
		CF3F796C18293545008166B0 /* SYBWeiBoURLShort.m */ = {isa = PBXFileReference; fileEncoding = 4; lastKnownFileType = sourcecode.c.objc; path = SYBWeiBoURLShort.m; sourceTree = "<group>"; };
		CF46E9B818C44F3C00507208 /* EGORefreshTableHeaderView.h */ = {isa = PBXFileReference; fileEncoding = 4; lastKnownFileType = sourcecode.c.h; path = EGORefreshTableHeaderView.h; sourceTree = "<group>"; };
		CF46E9B918C44F3C00507208 /* EGORefreshTableHeaderView.m */ = {isa = PBXFileReference; fileEncoding = 4; lastKnownFileType = sourcecode.c.objc; path = EGORefreshTableHeaderView.m; sourceTree = "<group>"; };
		CF46E9BC18C4538E00507208 /* QuartzCore.framework */ = {isa = PBXFileReference; lastKnownFileType = wrapper.framework; name = QuartzCore.framework; path = System/Library/Frameworks/QuartzCore.framework; sourceTree = SDKROOT; };
		CF46E9C118C4782900507208 /* APPMacro.h */ = {isa = PBXFileReference; fileEncoding = 4; lastKnownFileType = sourcecode.c.h; path = APPMacro.h; sourceTree = "<group>"; };
		CF58BB17185A131C00CE3136 /* UserIcon.png */ = {isa = PBXFileReference; lastKnownFileType = image.png; name = UserIcon.png; path = images/UserIcon.png; sourceTree = "<group>"; };
		CF58BB70185F3CBF00CE3136 /* RegexKitLite.h */ = {isa = PBXFileReference; fileEncoding = 4; lastKnownFileType = sourcecode.c.h; path = RegexKitLite.h; sourceTree = "<group>"; };
		CF58BB71185F3CBF00CE3136 /* RegexKitLite.m */ = {isa = PBXFileReference; fileEncoding = 4; lastKnownFileType = sourcecode.c.objc; path = RegexKitLite.m; sourceTree = "<group>"; };
		CF58BB73185F3D9100CE3136 /* libicucore.dylib */ = {isa = PBXFileReference; lastKnownFileType = "compiled.mach-o.dylib"; name = libicucore.dylib; path = usr/lib/libicucore.dylib; sourceTree = SDKROOT; };
		CF6FBD8F1837DBC9001A35EF /* SYBMenuViewController.h */ = {isa = PBXFileReference; fileEncoding = 4; lastKnownFileType = sourcecode.c.h; path = SYBMenuViewController.h; sourceTree = "<group>"; };
		CF6FBD901837DBC9001A35EF /* SYBMenuViewController.m */ = {isa = PBXFileReference; fileEncoding = 4; lastKnownFileType = sourcecode.c.objc; path = SYBMenuViewController.m; sourceTree = "<group>"; };
		CFA000EE17DF7A8700D08CCA /* WeiboConstantDefine.h */ = {isa = PBXFileReference; lastKnownFileType = sourcecode.c.h; path = WeiboConstantDefine.h; sourceTree = "<group>"; };
		CFB0864317E73E16003F5F03 /* SYBWeiBo.h */ = {isa = PBXFileReference; fileEncoding = 4; lastKnownFileType = sourcecode.c.h; path = SYBWeiBo.h; sourceTree = "<group>"; };
		CFB0864417E73E16003F5F03 /* SYBWeiBo.m */ = {isa = PBXFileReference; fileEncoding = 4; lastKnownFileType = sourcecode.c.objc; path = SYBWeiBo.m; sourceTree = "<group>"; };
		CFB18B8A18E6D69000FB03E2 /* SYBWeiboImageView.h */ = {isa = PBXFileReference; fileEncoding = 4; lastKnownFileType = sourcecode.c.h; path = SYBWeiboImageView.h; sourceTree = "<group>"; };
		CFB18B8B18E6D69000FB03E2 /* SYBWeiboImageView.m */ = {isa = PBXFileReference; fileEncoding = 4; lastKnownFileType = sourcecode.c.objc; path = SYBWeiboImageView.m; sourceTree = "<group>"; };
		CFB18B8D18E7E41700FB03E2 /* SYBUserInfoView.h */ = {isa = PBXFileReference; fileEncoding = 4; lastKnownFileType = sourcecode.c.h; path = SYBUserInfoView.h; sourceTree = "<group>"; };
		CFB18B8E18E7E41700FB03E2 /* SYBUserInfoView.m */ = {isa = PBXFileReference; fileEncoding = 4; lastKnownFileType = sourcecode.c.objc; path = SYBUserInfoView.m; sourceTree = "<group>"; };
		CFB18B9018E7E44000FB03E2 /* SYBUserInfoView.xib */ = {isa = PBXFileReference; fileEncoding = 4; lastKnownFileType = file.xib; path = SYBUserInfoView.xib; sourceTree = "<group>"; };
		CFB4ED2B1819261F004E5846 /* SYBWeiboAPIClient.h */ = {isa = PBXFileReference; fileEncoding = 4; lastKnownFileType = sourcecode.c.h; path = SYBWeiboAPIClient.h; sourceTree = "<group>"; };
		CFB4ED2C1819261F004E5846 /* SYBWeiboAPIClient.m */ = {isa = PBXFileReference; fileEncoding = 4; lastKnownFileType = sourcecode.c.objc; path = SYBWeiboAPIClient.m; sourceTree = "<group>"; };
		CFB4ED3018193180004E5846 /* SYBWeiboUser.h */ = {isa = PBXFileReference; fileEncoding = 4; lastKnownFileType = sourcecode.c.h; path = SYBWeiboUser.h; sourceTree = "<group>"; };
		CFB4ED3118193180004E5846 /* SYBWeiboUser.m */ = {isa = PBXFileReference; fileEncoding = 4; lastKnownFileType = sourcecode.c.objc; path = SYBWeiboUser.m; sourceTree = "<group>"; };
		CFB4ED36181AAFA6004E5846 /* WClient.entitlements */ = {isa = PBXFileReference; lastKnownFileType = text.xml; path = WClient.entitlements; sourceTree = "<group>"; };
		CFB4ED39181AF183004E5846 /* SYBLoginViewController.h */ = {isa = PBXFileReference; fileEncoding = 4; lastKnownFileType = sourcecode.c.h; path = SYBLoginViewController.h; sourceTree = "<group>"; };
		CFB4ED3A181AF183004E5846 /* SYBLoginViewController.m */ = {isa = PBXFileReference; fileEncoding = 4; lastKnownFileType = sourcecode.c.objc; path = SYBLoginViewController.m; sourceTree = "<group>"; };
		CFB4ED3C181D4CC4004E5846 /* SYBListViewController.h */ = {isa = PBXFileReference; fileEncoding = 4; lastKnownFileType = sourcecode.c.h; path = SYBListViewController.h; sourceTree = "<group>"; };
		CFB4ED3D181D4CC4004E5846 /* SYBListViewController.m */ = {isa = PBXFileReference; fileEncoding = 4; lastKnownFileType = sourcecode.c.objc; path = SYBListViewController.m; sourceTree = "<group>"; };
		CFB4ED44181EBEF3004E5846 /* MobileCoreServices.framework */ = {isa = PBXFileReference; lastKnownFileType = wrapper.framework; name = MobileCoreServices.framework; path = System/Library/Frameworks/MobileCoreServices.framework; sourceTree = SDKROOT; };
		CFB4ED46181EBF20004E5846 /* SystemConfiguration.framework */ = {isa = PBXFileReference; lastKnownFileType = wrapper.framework; name = SystemConfiguration.framework; path = System/Library/Frameworks/SystemConfiguration.framework; sourceTree = SDKROOT; };
		CFC7163A1854954C0057EEE4 /* Images.xcassets */ = {isa = PBXFileReference; lastKnownFileType = folder.assetcatalog; path = Images.xcassets; sourceTree = "<group>"; };
		CFC716401858AFBE0057EEE4 /* table_header_bg.png */ = {isa = PBXFileReference; lastKnownFileType = image.png; name = table_header_bg.png; path = images/table_header_bg.png; sourceTree = "<group>"; };
		CFC716411858AFBE0057EEE4 /* table_header_bg@2x.png */ = {isa = PBXFileReference; lastKnownFileType = image.png; name = "table_header_bg@2x.png"; path = "images/table_header_bg@2x.png"; sourceTree = "<group>"; };
		CFC716421858AFBE0057EEE4 /* timeline_rt_border_t.png */ = {isa = PBXFileReference; lastKnownFileType = image.png; name = timeline_rt_border_t.png; path = images/timeline_rt_border_t.png; sourceTree = "<group>"; };
		CFC716431858AFBE0057EEE4 /* timeline_rt_border_t@2x.png */ = {isa = PBXFileReference; lastKnownFileType = image.png; name = "timeline_rt_border_t@2x.png"; path = "images/timeline_rt_border_t@2x.png"; sourceTree = "<group>"; };
		CFC716461858AFBE0057EEE4 /* U74P176T72D61F1409DT20121211115111.jpg */ = {isa = PBXFileReference; lastKnownFileType = image.jpeg; name = U74P176T72D61F1409DT20121211115111.jpg; path = images/U74P176T72D61F1409DT20121211115111.jpg; sourceTree = "<group>"; };
		CFC716521858B93E0057EEE4 /* SYBWeiBoGEO.m */ = {isa = PBXFileReference; fileEncoding = 4; lastKnownFileType = sourcecode.c.objc; path = SYBWeiBoGEO.m; sourceTree = "<group>"; };
		CFC716561859FF2C0057EEE4 /* NoImage.png */ = {isa = PBXFileReference; lastKnownFileType = image.png; path = NoImage.png; sourceTree = "<group>"; };
/* End PBXFileReference section */

/* Begin PBXFrameworksBuildPhase section */
		CF1E00DA17C7B7AA00E3FF7F /* Frameworks */ = {
			isa = PBXFrameworksBuildPhase;
			buildActionMask = 2147483647;
			files = (
				CF46E9BD18C4538E00507208 /* QuartzCore.framework in Frameworks */,
				CF58BB74185F3D9100CE3136 /* libicucore.dylib in Frameworks */,
				CFB4ED47181EBF20004E5846 /* SystemConfiguration.framework in Frameworks */,
				CFB4ED45181EBEF3004E5846 /* MobileCoreServices.framework in Frameworks */,
				CF1E010417C7C05300E3FF7F /* Security.framework in Frameworks */,
				CF1E00E117C7B7AA00E3FF7F /* UIKit.framework in Frameworks */,
				CF1E00E317C7B7AA00E3FF7F /* Foundation.framework in Frameworks */,
				CF1E00E517C7B7AA00E3FF7F /* CoreGraphics.framework in Frameworks */,
				E68FF9F458CD402F8EDAE58C /* libPods.a in Frameworks */,
			);
			runOnlyForDeploymentPostprocessing = 0;
		};
/* End PBXFrameworksBuildPhase section */

/* Begin PBXGroup section */
		CF06B2901823E88400D23AEA /* View */ = {
			isa = PBXGroup;
			children = (
				CFB18B8A18E6D69000FB03E2 /* SYBWeiboImageView.h */,
				CFB18B8B18E6D69000FB03E2 /* SYBWeiboImageView.m */,
				CF06B2911823E9F100D23AEA /* SYBWeiboViewCell.h */,
				CF06B2921823E9F100D23AEA /* SYBWeiboViewCell.m */,
				CF2DE528184A61DB00FC3403 /* SYBCellRetweetView.h */,
				CF2DE529184A61DB00FC3403 /* SYBCellRetweetView.m */,
				CFB18B8D18E7E41700FB03E2 /* SYBUserInfoView.h */,
				CFB18B8E18E7E41700FB03E2 /* SYBUserInfoView.m */,
				CFB18B9018E7E44000FB03E2 /* SYBUserInfoView.xib */,
			);
			name = View;
			sourceTree = "<group>";
		};
		CF1E00D417C7B7AA00E3FF7F = {
			isa = PBXGroup;
			children = (
				CF1E010B17C8683200E3FF7F /* SenTestingKit.framework */,
				CF1E010317C7C05300E3FF7F /* Security.framework */,
				CF1E00E617C7B7AA00E3FF7F /* WClient */,
				CF1E00DF17C7B7AA00E3FF7F /* Frameworks */,
				CF1E00DE17C7B7AA00E3FF7F /* Products */,
				841B6172C6414D1DB2E56E60 /* Pods.xcconfig */,
			);
			sourceTree = "<group>";
		};
		CF1E00DE17C7B7AA00E3FF7F /* Products */ = {
			isa = PBXGroup;
			children = (
				CF1E00DD17C7B7AA00E3FF7F /* WClient.app */,
			);
			name = Products;
			sourceTree = "<group>";
		};
		CF1E00DF17C7B7AA00E3FF7F /* Frameworks */ = {
			isa = PBXGroup;
			children = (
				CF46E9BC18C4538E00507208 /* QuartzCore.framework */,
				CF58BB73185F3D9100CE3136 /* libicucore.dylib */,
				CFB4ED46181EBF20004E5846 /* SystemConfiguration.framework */,
				CFB4ED44181EBEF3004E5846 /* MobileCoreServices.framework */,
				CF1E00E017C7B7AA00E3FF7F /* UIKit.framework */,
				CF1E00E217C7B7AA00E3FF7F /* Foundation.framework */,
				CF1E00E417C7B7AA00E3FF7F /* CoreGraphics.framework */,
				5433629D8FC348C69BD82076 /* libPods.a */,
			);
			name = Frameworks;
			sourceTree = "<group>";
		};
		CF1E00E617C7B7AA00E3FF7F /* WClient */ = {
			isa = PBXGroup;
			children = (
				CF46E9BE18C477DA00507208 /* Macro */,
				CF2DE51F1849E5CD00FC3403 /* classes */,
				CF06B2901823E88400D23AEA /* View */,
				CFB4ED2F181926CF004E5846 /* Model */,
				CFB4ED2A181925E6004E5846 /* API */,
				CF6FBD8E18372F06001A35EF /* Controller */,
				CF1E00E717C7B7AA00E3FF7F /* Supporting Files */,
				CFA000EE17DF7A8700D08CCA /* WeiboConstantDefine.h */,
				56B1830D198F50830062F4CA /* MainStoryboard.storyboard */,
				CFB4ED36181AAFA6004E5846 /* WClient.entitlements */,
				CFC7163A1854954C0057EEE4 /* Images.xcassets */,
			);
			path = WClient;
			sourceTree = "<group>";
		};
		CF1E00E717C7B7AA00E3FF7F /* Supporting Files */ = {
			isa = PBXGroup;
			children = (
				CF6FBD921837DD47001A35EF /* images */,
				CF1E00E817C7B7AA00E3FF7F /* WClient-Info.plist */,
				CF1E00E917C7B7AA00E3FF7F /* InfoPlist.strings */,
				56B1830B198F50830062F4CA /* InfoPlist.strings */,
				CF1E00EC17C7B7AA00E3FF7F /* main.m */,
				CF1E00EE17C7B7AA00E3FF7F /* WClient-Prefix.pch */,
				CF1E00F217C7B7AA00E3FF7F /* Default.png */,
				CF1E00F417C7B7AA00E3FF7F /* Default@2x.png */,
				CF1E00F617C7B7AA00E3FF7F /* Default-568h@2x.png */,
			);
			name = "Supporting Files";
			sourceTree = "<group>";
		};
		CF2DE51F1849E5CD00FC3403 /* classes */ = {
			isa = PBXGroup;
			children = (
				CF58BB6D185F3C2B00CE3136 /* triparty */,
				CF1E00EF17C7B7AA00E3FF7F /* SYBAppDelegate.h */,
				CF1E00F017C7B7AA00E3FF7F /* SYBAppDelegate.m */,
				CF2DE5201849E62300FC3403 /* UIColor+hex.h */,
				CF2DE5211849E62300FC3403 /* UIColor+hex.m */,
			);
			name = classes;
			sourceTree = "<group>";
		};
		CF46E9BE18C477DA00507208 /* Macro */ = {
			isa = PBXGroup;
			children = (
				CF46E9C118C4782900507208 /* APPMacro.h */,
			);
			name = Macro;
			sourceTree = "<group>";
		};
		CF58BB6D185F3C2B00CE3136 /* triparty */ = {
			isa = PBXGroup;
			children = (
				CF46E9B818C44F3C00507208 /* EGORefreshTableHeaderView.h */,
				CF46E9B918C44F3C00507208 /* EGORefreshTableHeaderView.m */,
				CF58BB70185F3CBF00CE3136 /* RegexKitLite.h */,
				CF58BB71185F3CBF00CE3136 /* RegexKitLite.m */,
			);
			name = triparty;
			sourceTree = "<group>";
		};
		CF6FBD8E18372F06001A35EF /* Controller */ = {
			isa = PBXGroup;
			children = (
				CFB4ED39181AF183004E5846 /* SYBLoginViewController.h */,
				CFB4ED3A181AF183004E5846 /* SYBLoginViewController.m */,
				CFB4ED3C181D4CC4004E5846 /* SYBListViewController.h */,
				CFB4ED3D181D4CC4004E5846 /* SYBListViewController.m */,
				CF6FBD8F1837DBC9001A35EF /* SYBMenuViewController.h */,
				CF6FBD901837DBC9001A35EF /* SYBMenuViewController.m */,
				5620AC041980DE6300A0B90E /* SYBWeiboViewController.h */,
				5620AC051980DE6300A0B90E /* SYBWeiboViewController.m */,
			);
			name = Controller;
			sourceTree = "<group>";
		};
		CF6FBD921837DD47001A35EF /* images */ = {
			isa = PBXGroup;
			children = (
				CF58BB17185A131C00CE3136 /* UserIcon.png */,
				CFC716561859FF2C0057EEE4 /* NoImage.png */,
				CFC716401858AFBE0057EEE4 /* table_header_bg.png */,
				CFC716411858AFBE0057EEE4 /* table_header_bg@2x.png */,
				CFC716421858AFBE0057EEE4 /* timeline_rt_border_t.png */,
				CFC716431858AFBE0057EEE4 /* timeline_rt_border_t@2x.png */,
				CFC716461858AFBE0057EEE4 /* U74P176T72D61F1409DT20121211115111.jpg */,
			);
			name = images;
			sourceTree = "<group>";
		};
		CFB4ED2A181925E6004E5846 /* API */ = {
			isa = PBXGroup;
			children = (
				CFB4ED2B1819261F004E5846 /* SYBWeiboAPIClient.h */,
				CFB4ED2C1819261F004E5846 /* SYBWeiboAPIClient.m */,
			);
			name = API;
			sourceTree = "<group>";
		};
		CFB4ED2F181926CF004E5846 /* Model */ = {
			isa = PBXGroup;
			children = (
				CFB0864317E73E16003F5F03 /* SYBWeiBo.h */,
				CFB0864417E73E16003F5F03 /* SYBWeiBo.m */,
				CFB4ED3018193180004E5846 /* SYBWeiboUser.h */,
				CFB4ED3118193180004E5846 /* SYBWeiboUser.m */,
				CF3F795F182926D3008166B0 /* SYBWeiboPrivacy.h */,
				CF3F7960182926D3008166B0 /* SYBWeiboPrivacy.m */,
				CF3F796218292AC0008166B0 /* SYBWeiBoGEO.h */,
				CFC716521858B93E0057EEE4 /* SYBWeiBoGEO.m */,
				CF3F796518292AFF008166B0 /* SYBWeiBoComment.h */,
				CF3F796618292AFF008166B0 /* SYBWeiBoComment.m */,
				CF3F79681829343A008166B0 /* SYBWeiBoRemind.h */,
				CF3F79691829343A008166B0 /* SYBWeiBoRemind.m */,
				CF3F796B18293545008166B0 /* SYBWeiBoURLShort.h */,
				CF3F796C18293545008166B0 /* SYBWeiBoURLShort.m */,
				CF135C791950A83B00AE2E90 /* SYBWeiboCell.h */,
				CF135C7A1950A83B00AE2E90 /* SYBWeiboCell.m */,
			);
			name = Model;
			sourceTree = "<group>";
		};
/* End PBXGroup section */

/* Begin PBXNativeTarget section */
		CF1E00DC17C7B7AA00E3FF7F /* WClient */ = {
			isa = PBXNativeTarget;
			buildConfigurationList = CF1E010017C7B7AB00E3FF7F /* Build configuration list for PBXNativeTarget "WClient" */;
			buildPhases = (
				C506F8B582B04F4F943406EC /* Check Pods Manifest.lock */,
				CF1E00D917C7B7AA00E3FF7F /* Sources */,
				CF1E00DA17C7B7AA00E3FF7F /* Frameworks */,
				CF1E00DB17C7B7AA00E3FF7F /* Resources */,
				5EA8448BC1B5413CA199AA7E /* Copy Pods Resources */,
			);
			buildRules = (
			);
			dependencies = (
			);
			name = WClient;
			productName = WClient;
			productReference = CF1E00DD17C7B7AA00E3FF7F /* WClient.app */;
			productType = "com.apple.product-type.application";
		};
/* End PBXNativeTarget section */

/* Begin PBXProject section */
		CF1E00D517C7B7AA00E3FF7F /* Project object */ = {
			isa = PBXProject;
			attributes = {
				CLASSPREFIX = SYB;
				LastUpgradeCheck = 0460;
				ORGANIZATIONNAME = "Song Xiaoming";
				TargetAttributes = {
					CF1E00DC17C7B7AA00E3FF7F = {
						SystemCapabilities = {
							com.apple.Keychain = {
								enabled = 1;
							};
							com.apple.iOS = {
								enabled = 0;
							};
						};
					};
				};
			};
			buildConfigurationList = CF1E00D817C7B7AA00E3FF7F /* Build configuration list for PBXProject "WClient" */;
			compatibilityVersion = "Xcode 3.2";
			developmentRegion = English;
			hasScannedForEncodings = 0;
			knownRegions = (
				en,
				"zh-Hans",
			);
			mainGroup = CF1E00D417C7B7AA00E3FF7F;
			productRefGroup = CF1E00DE17C7B7AA00E3FF7F /* Products */;
			projectDirPath = "";
			projectRoot = "";
			targets = (
				CF1E00DC17C7B7AA00E3FF7F /* WClient */,
			);
		};
/* End PBXProject section */

/* Begin PBXResourcesBuildPhase section */
		CF1E00DB17C7B7AA00E3FF7F /* Resources */ = {
			isa = PBXResourcesBuildPhase;
			buildActionMask = 2147483647;
			files = (
				CF1E00EB17C7B7AA00E3FF7F /* InfoPlist.strings in Resources */,
				56B1830F198F50830062F4CA /* InfoPlist.strings in Resources */,
				CFC7164D1858AFBE0057EEE4 /* timeline_rt_border_t.png in Resources */,
				CFC7163B1854954C0057EEE4 /* Images.xcassets in Resources */,
				CF1E00F317C7B7AA00E3FF7F /* Default.png in Resources */,
				CFC7164C1858AFBE0057EEE4 /* table_header_bg@2x.png in Resources */,
				56B18310198F50830062F4CA /* MainStoryboard.storyboard in Resources */,
				CF1E00F517C7B7AA00E3FF7F /* Default@2x.png in Resources */,
				CF58BB18185A131C00CE3136 /* UserIcon.png in Resources */,
				CF1E00F717C7B7AA00E3FF7F /* Default-568h@2x.png in Resources */,
				CFB18B9118E7E44000FB03E2 /* SYBUserInfoView.xib in Resources */,
				CFC7164E1858AFBE0057EEE4 /* timeline_rt_border_t@2x.png in Resources */,
				CFC7164B1858AFBE0057EEE4 /* table_header_bg.png in Resources */,
				CFC716511858AFBE0057EEE4 /* U74P176T72D61F1409DT20121211115111.jpg in Resources */,
				CFC716571859FF2C0057EEE4 /* NoImage.png in Resources */,
			);
			runOnlyForDeploymentPostprocessing = 0;
		};
/* End PBXResourcesBuildPhase section */

/* Begin PBXShellScriptBuildPhase section */
		5EA8448BC1B5413CA199AA7E /* Copy Pods Resources */ = {
			isa = PBXShellScriptBuildPhase;
			buildActionMask = 2147483647;
			files = (
			);
			inputPaths = (
			);
			name = "Copy Pods Resources";
			outputPaths = (
			);
			runOnlyForDeploymentPostprocessing = 0;
			shellPath = /bin/sh;
			shellScript = "\"${SRCROOT}/Pods/Pods-resources.sh\"\n";
			showEnvVarsInLog = 0;
		};
		C506F8B582B04F4F943406EC /* Check Pods Manifest.lock */ = {
			isa = PBXShellScriptBuildPhase;
			buildActionMask = 2147483647;
			files = (
			);
			inputPaths = (
			);
			name = "Check Pods Manifest.lock";
			outputPaths = (
			);
			runOnlyForDeploymentPostprocessing = 0;
			shellPath = /bin/sh;
			shellScript = "diff \"${PODS_ROOT}/../Podfile.lock\" \"${PODS_ROOT}/Manifest.lock\" > /dev/null\nif [[ $? != 0 ]] ; then\n    cat << EOM\nerror: The sandbox is not in sync with the Podfile.lock. Run 'pod install' or update your CocoaPods installation.\nEOM\n    exit 1\nfi\n";
			showEnvVarsInLog = 0;
		};
/* End PBXShellScriptBuildPhase section */

/* Begin PBXSourcesBuildPhase section */
		CF1E00D917C7B7AA00E3FF7F /* Sources */ = {
			isa = PBXSourcesBuildPhase;
			buildActionMask = 2147483647;
			files = (
				CFB18B8C18E6D69000FB03E2 /* SYBWeiboImageView.m in Sources */,
				CF46E9BA18C44F3C00507208 /* EGORefreshTableHeaderView.m in Sources */,
				CF06B2931823E9F100D23AEA /* SYBWeiboViewCell.m in Sources */,
				CF1E00ED17C7B7AA00E3FF7F /* main.m in Sources */,
				CF135C7B1950A83B00AE2E90 /* SYBWeiboCell.m in Sources */,
				CFB18B8F18E7E41700FB03E2 /* SYBUserInfoView.m in Sources */,
				CF1E00F117C7B7AA00E3FF7F /* SYBAppDelegate.m in Sources */,
				CF3F796718292AFF008166B0 /* SYBWeiBoComment.m in Sources */,
				5620AC061980DE6300A0B90E /* SYBWeiboViewController.m in Sources */,
				CF2DE52A184A61DB00FC3403 /* SYBCellRetweetView.m in Sources */,
				CFB4ED3218193180004E5846 /* SYBWeiboUser.m in Sources */,
				CFB4ED3B181AF183004E5846 /* SYBLoginViewController.m in Sources */,
				CF2DE5221849E62300FC3403 /* UIColor+hex.m in Sources */,
				CF6FBD911837DBC9001A35EF /* SYBMenuViewController.m in Sources */,
				CFB4ED2D1819261F004E5846 /* SYBWeiboAPIClient.m in Sources */,
				CFB0864517E73E16003F5F03 /* SYBWeiBo.m in Sources */,
				CF58BB72185F3CBF00CE3136 /* RegexKitLite.m in Sources */,
				CFC716531858B93E0057EEE4 /* SYBWeiBoGEO.m in Sources */,
				CF3F796A1829343A008166B0 /* SYBWeiBoRemind.m in Sources */,
				CF3F7961182926D3008166B0 /* SYBWeiboPrivacy.m in Sources */,
				CF3F796D18293545008166B0 /* SYBWeiBoURLShort.m in Sources */,
				CFB4ED3E181D4CC4004E5846 /* SYBListViewController.m in Sources */,
			);
			runOnlyForDeploymentPostprocessing = 0;
		};
/* End PBXSourcesBuildPhase section */

/* Begin PBXVariantGroup section */
		56B1830B198F50830062F4CA /* InfoPlist.strings */ = {
			isa = PBXVariantGroup;
			children = (
				56B1830C198F50830062F4CA /* en */,
			);
			name = InfoPlist.strings;
			sourceTree = "<group>";
		};
		56B1830D198F50830062F4CA /* MainStoryboard.storyboard */ = {
			isa = PBXVariantGroup;
			children = (
				56B1830E198F50830062F4CA /* en */,
			);
			name = MainStoryboard.storyboard;
			sourceTree = "<group>";
		};
		CF1E00E917C7B7AA00E3FF7F /* InfoPlist.strings */ = {
			isa = PBXVariantGroup;
			children = (
				56B1830A198F4D680062F4CA /* zh-Hans */,
			);
			name = InfoPlist.strings;
			sourceTree = "<group>";
		};
/* End PBXVariantGroup section */

/* Begin XCBuildConfiguration section */
		CF1E00FE17C7B7AB00E3FF7F /* Debug */ = {
			isa = XCBuildConfiguration;
			buildSettings = {
				ALWAYS_SEARCH_USER_PATHS = NO;
				CLANG_CXX_LANGUAGE_STANDARD = "gnu++0x";
				CLANG_CXX_LIBRARY = "libc++";
				CLANG_ENABLE_OBJC_ARC = YES;
				CLANG_WARN_CONSTANT_CONVERSION = YES;
				CLANG_WARN_EMPTY_BODY = YES;
				CLANG_WARN_ENUM_CONVERSION = YES;
				CLANG_WARN_INT_CONVERSION = YES;
				CLANG_WARN__DUPLICATE_METHOD_MATCH = YES;
				"CODE_SIGN_IDENTITY[sdk=iphoneos*]" = "iPhone Developer";
				COPY_PHASE_STRIP = NO;
				GCC_C_LANGUAGE_STANDARD = gnu99;
				GCC_DYNAMIC_NO_PIC = NO;
				GCC_OPTIMIZATION_LEVEL = 0;
				GCC_PREPROCESSOR_DEFINITIONS = (
					"DEBUG=1",
					"$(inherited)",
				);
				GCC_SYMBOLS_PRIVATE_EXTERN = NO;
				GCC_WARN_ABOUT_RETURN_TYPE = YES;
				GCC_WARN_UNINITIALIZED_AUTOS = YES;
				GCC_WARN_UNUSED_VARIABLE = YES;
				IPHONEOS_DEPLOYMENT_TARGET = 6.1;
				ONLY_ACTIVE_ARCH = YES;
				SDKROOT = iphoneos;
			};
			name = Debug;
		};
		CF1E00FF17C7B7AB00E3FF7F /* Release */ = {
			isa = XCBuildConfiguration;
			buildSettings = {
				ALWAYS_SEARCH_USER_PATHS = NO;
				CLANG_CXX_LANGUAGE_STANDARD = "gnu++0x";
				CLANG_CXX_LIBRARY = "libc++";
				CLANG_ENABLE_OBJC_ARC = YES;
				CLANG_WARN_CONSTANT_CONVERSION = YES;
				CLANG_WARN_EMPTY_BODY = YES;
				CLANG_WARN_ENUM_CONVERSION = YES;
				CLANG_WARN_INT_CONVERSION = YES;
				CLANG_WARN__DUPLICATE_METHOD_MATCH = YES;
				"CODE_SIGN_IDENTITY[sdk=iphoneos*]" = "iPhone Developer";
				COPY_PHASE_STRIP = YES;
				GCC_C_LANGUAGE_STANDARD = gnu99;
				GCC_WARN_ABOUT_RETURN_TYPE = YES;
				GCC_WARN_UNINITIALIZED_AUTOS = YES;
				GCC_WARN_UNUSED_VARIABLE = YES;
				IPHONEOS_DEPLOYMENT_TARGET = 6.1;
				OTHER_CFLAGS = "-DNS_BLOCK_ASSERTIONS=1";
				SDKROOT = iphoneos;
				VALIDATE_PRODUCT = YES;
			};
			name = Release;
		};
		CF1E010117C7B7AB00E3FF7F /* Debug */ = {
			isa = XCBuildConfiguration;
			baseConfigurationReference = 841B6172C6414D1DB2E56E60 /* Pods.xcconfig */;
			buildSettings = {
				ASSETCATALOG_COMPILER_APPICON_NAME = AppIcon;
				ASSETCATALOG_COMPILER_LAUNCHIMAGE_NAME = "LaunchImage-2";
				CODE_SIGN_ENTITLEMENTS = WClient/WClient.entitlements;
				FRAMEWORK_SEARCH_PATHS = (
					"$(inherited)",
					"\"$(SYSTEM_APPS_DIR)/Xcode.app/Contents/Developer/Library/Frameworks\"",
				);
				GCC_PRECOMPILE_PREFIX_HEADER = YES;
				GCC_PREFIX_HEADER = "WClient/WClient-Prefix.pch";
				INFOPLIST_FILE = "WClient/WClient-Info.plist";
				IPHONEOS_DEPLOYMENT_TARGET = 6.0;
				PRODUCT_NAME = "$(TARGET_NAME)";
				WRAPPER_EXTENSION = app;
			};
			name = Debug;
		};
		CF1E010217C7B7AB00E3FF7F /* Release */ = {
			isa = XCBuildConfiguration;
			baseConfigurationReference = 841B6172C6414D1DB2E56E60 /* Pods.xcconfig */;
			buildSettings = {
				ASSETCATALOG_COMPILER_APPICON_NAME = AppIcon;
				ASSETCATALOG_COMPILER_LAUNCHIMAGE_NAME = "LaunchImage-2";
				CODE_SIGN_ENTITLEMENTS = WClient/WClient.entitlements;
				FRAMEWORK_SEARCH_PATHS = (
					"$(inherited)",
					"\"$(SYSTEM_APPS_DIR)/Xcode.app/Contents/Developer/Library/Frameworks\"",
				);
				GCC_PRECOMPILE_PREFIX_HEADER = YES;
				GCC_PREFIX_HEADER = "WClient/WClient-Prefix.pch";
				INFOPLIST_FILE = "WClient/WClient-Info.plist";
				IPHONEOS_DEPLOYMENT_TARGET = 6.0;
				PRODUCT_NAME = "$(TARGET_NAME)";
				WRAPPER_EXTENSION = app;
			};
			name = Release;
		};
/* End XCBuildConfiguration section */

/* Begin XCConfigurationList section */
		CF1E00D817C7B7AA00E3FF7F /* Build configuration list for PBXProject "WClient" */ = {
			isa = XCConfigurationList;
			buildConfigurations = (
				CF1E00FE17C7B7AB00E3FF7F /* Debug */,
				CF1E00FF17C7B7AB00E3FF7F /* Release */,
			);
			defaultConfigurationIsVisible = 0;
			defaultConfigurationName = Release;
		};
		CF1E010017C7B7AB00E3FF7F /* Build configuration list for PBXNativeTarget "WClient" */ = {
			isa = XCConfigurationList;
			buildConfigurations = (
				CF1E010117C7B7AB00E3FF7F /* Debug */,
				CF1E010217C7B7AB00E3FF7F /* Release */,
			);
			defaultConfigurationIsVisible = 0;
			defaultConfigurationName = Release;
		};
/* End XCConfigurationList section */
	};
	rootObject = CF1E00D517C7B7AA00E3FF7F /* Project object */;
}
